
Microsoft Visual Studio Solution File, Format Version 12.00
# Visual Studio 15
VisualStudioVersion = 15.0.27130.2010
MinimumVisualStudioVersion = 10.0.40219.1
Project("{9A19103F-16F7-4668-BE54-9A1E7A4F7556}") = "ArgonCore", "ArgonCore\ArgonCore.csproj", "{C52D6617-9AE8-43A0-B3BB-80D11D22008C}"
EndProject
Project("{9A19103F-16F7-4668-BE54-9A1E7A4F7556}") = "InterfaceSteamClient", "Interfaces\SteamClient\InterfaceSteamClient.csproj", "{B6572A85-59D1-48D5-A068-F2EE59D40416}"
EndProject
Project("{FAE04EC0-301F-11D3-BF4B-00C04F79EFBC}") = "CoreTestBed", "testbed\App\CoreTestBed.csproj", "{DFFBE220-F07C-44BF-AD29-C761310E1EC1}"
EndProject
Project("{8BC9CEB8-8B4A-11D0-8D11-00A0C91BC942}") = "CppTestBed", "Testbed\CppTestBed\CppTestBed.vcxproj", "{90E5D498-BC69-4733-8197-1B06101596AF}"
EndProject
Project("{2150E333-8FDC-42A3-9474-1A3956D46DE8}") = "Interfaces", "Interfaces", "{ED290E8E-203A-40B2-9310-41D8AEA9BDBE}"
EndProject
Project("{2150E333-8FDC-42A3-9474-1A3956D46DE8}") = "Testbed", "Testbed", "{61EA08FA-EB5E-4072-9BCB-14DB95134FEB}"
EndProject
Project("{9A19103F-16F7-4668-BE54-9A1E7A4F7556}") = "PublishHelper", "Testbed\PublishTest\PublishHelper.csproj", "{B872F5D6-7986-46B4-8DE3-E418173FA444}"
EndProject
Project("{8BC9CEB8-8B4A-11D0-8D11-00A0C91BC942}") = "steamclient", "steamclient\steamclient.vcxproj", "{350E4F59-7AE0-4F3B-9214-3FFC05362AB2}"
EndProject
Project("{9A19103F-16F7-4668-BE54-9A1E7A4F7556}") = "NamedPipeWrapper", "NamedPipeWrapper\NamedPipeWrapper.csproj", "{3AE69DC4-DF2A-4400-BCBE-244E0D90FF48}"
EndProject
Project("{2150E333-8FDC-42A3-9474-1A3956D46DE8}") = "Pipes", "Pipes", "{4CA2DC47-CD35-433D-9427-AB202EA503C1}"
EndProject
Project("{9A19103F-16F7-4668-BE54-9A1E7A4F7556}") = "CoreApp", "Testbed\CoreApp\CoreApp.csproj", "{FA2FB518-EC85-4C60-8C30-150E034689C2}"
EndProject
Project("{9A19103F-16F7-4668-BE54-9A1E7A4F7556}") = "ArgonHost", "Testbed\ArgonHost\ArgonHost.csproj", "{9CBD4B1D-1100-4C70-826E-F8BA9502326A}"
EndProject
Project("{9A19103F-16F7-4668-BE54-9A1E7A4F7556}") = "InterfaceSteamUser", "Interfaces\SteamUser\InterfaceSteamUser.csproj", "{3EB44666-F36E-4589-979A-A94AFCC1A6FD}"
EndProject
Project("{9A19103F-16F7-4668-BE54-9A1E7A4F7556}") = "InterfaceAutogen", "Interfaces\InterfaceAutogen\InterfaceAutogen.csproj", "{943A0DBB-E60A-46FF-97D7-51937392ABDF}"
EndProject
Project("{9A19103F-16F7-4668-BE54-9A1E7A4F7556}") = "InterfaceArgonCore", "Interfaces\ArgonCore\InterfaceArgonCore.csproj", "{15464858-CC45-4769-9E03-07CB9B04DB92}"
EndProject
Project("{FAE04EC0-301F-11D3-BF4B-00C04F79EFBC}") = "AutoGenerator", "Interfaces\AutoGenerator\AutoGenerator.csproj", "{77A8BCB1-A28A-4684-93B2-8E9335AECBF1}"
EndProject
Global
	GlobalSection(SolutionConfigurationPlatforms) = preSolution
		Debug|Any CPU = Debug|Any CPU
		Debug|x64 = Debug|x64
		Debug|x86 = Debug|x86
		Release|Any CPU = Release|Any CPU
		Release|x64 = Release|x64
		Release|x86 = Release|x86
	EndGlobalSection
	GlobalSection(ProjectConfigurationPlatforms) = postSolution
		{C52D6617-9AE8-43A0-B3BB-80D11D22008C}.Debug|Any CPU.ActiveCfg = Debug|Any CPU
		{C52D6617-9AE8-43A0-B3BB-80D11D22008C}.Debug|Any CPU.Build.0 = Debug|Any CPU
		{C52D6617-9AE8-43A0-B3BB-80D11D22008C}.Debug|x64.ActiveCfg = Debug|Any CPU
		{C52D6617-9AE8-43A0-B3BB-80D11D22008C}.Debug|x64.Build.0 = Debug|Any CPU
		{C52D6617-9AE8-43A0-B3BB-80D11D22008C}.Debug|x86.ActiveCfg = Debug|x86
		{C52D6617-9AE8-43A0-B3BB-80D11D22008C}.Debug|x86.Build.0 = Debug|x86
		{C52D6617-9AE8-43A0-B3BB-80D11D22008C}.Release|Any CPU.ActiveCfg = Release|Any CPU
		{C52D6617-9AE8-43A0-B3BB-80D11D22008C}.Release|Any CPU.Build.0 = Release|Any CPU
		{C52D6617-9AE8-43A0-B3BB-80D11D22008C}.Release|x64.ActiveCfg = Release|Any CPU
		{C52D6617-9AE8-43A0-B3BB-80D11D22008C}.Release|x64.Build.0 = Release|Any CPU
		{C52D6617-9AE8-43A0-B3BB-80D11D22008C}.Release|x86.ActiveCfg = Release|x86
		{C52D6617-9AE8-43A0-B3BB-80D11D22008C}.Release|x86.Build.0 = Release|x86
		{B6572A85-59D1-48D5-A068-F2EE59D40416}.Debug|Any CPU.ActiveCfg = Debug|Any CPU
		{B6572A85-59D1-48D5-A068-F2EE59D40416}.Debug|Any CPU.Build.0 = Debug|Any CPU
		{B6572A85-59D1-48D5-A068-F2EE59D40416}.Debug|x64.ActiveCfg = Debug|Any CPU
		{B6572A85-59D1-48D5-A068-F2EE59D40416}.Debug|x64.Build.0 = Debug|Any CPU
		{B6572A85-59D1-48D5-A068-F2EE59D40416}.Debug|x86.ActiveCfg = Debug|Any CPU
		{B6572A85-59D1-48D5-A068-F2EE59D40416}.Debug|x86.Build.0 = Debug|Any CPU
		{B6572A85-59D1-48D5-A068-F2EE59D40416}.Release|Any CPU.ActiveCfg = Release|Any CPU
		{B6572A85-59D1-48D5-A068-F2EE59D40416}.Release|Any CPU.Build.0 = Release|Any CPU
		{B6572A85-59D1-48D5-A068-F2EE59D40416}.Release|x64.ActiveCfg = Release|Any CPU
		{B6572A85-59D1-48D5-A068-F2EE59D40416}.Release|x64.Build.0 = Release|Any CPU
		{B6572A85-59D1-48D5-A068-F2EE59D40416}.Release|x86.ActiveCfg = Release|Any CPU
		{B6572A85-59D1-48D5-A068-F2EE59D40416}.Release|x86.Build.0 = Release|Any CPU
		{DFFBE220-F07C-44BF-AD29-C761310E1EC1}.Debug|Any CPU.ActiveCfg = Debug|Any CPU
		{DFFBE220-F07C-44BF-AD29-C761310E1EC1}.Debug|Any CPU.Build.0 = Debug|Any CPU
		{DFFBE220-F07C-44BF-AD29-C761310E1EC1}.Debug|x64.ActiveCfg = Debug|Any CPU
		{DFFBE220-F07C-44BF-AD29-C761310E1EC1}.Debug|x64.Build.0 = Debug|Any CPU
		{DFFBE220-F07C-44BF-AD29-C761310E1EC1}.Debug|x86.ActiveCfg = Debug|Any CPU
		{DFFBE220-F07C-44BF-AD29-C761310E1EC1}.Debug|x86.Build.0 = Debug|Any CPU
		{DFFBE220-F07C-44BF-AD29-C761310E1EC1}.Release|Any CPU.ActiveCfg = Release|Any CPU
		{DFFBE220-F07C-44BF-AD29-C761310E1EC1}.Release|Any CPU.Build.0 = Release|Any CPU
		{DFFBE220-F07C-44BF-AD29-C761310E1EC1}.Release|x64.ActiveCfg = Release|Any CPU
		{DFFBE220-F07C-44BF-AD29-C761310E1EC1}.Release|x64.Build.0 = Release|Any CPU
		{DFFBE220-F07C-44BF-AD29-C761310E1EC1}.Release|x86.ActiveCfg = Release|Any CPU
		{DFFBE220-F07C-44BF-AD29-C761310E1EC1}.Release|x86.Build.0 = Release|Any CPU
		{90E5D498-BC69-4733-8197-1B06101596AF}.Debug|Any CPU.ActiveCfg = Debug|Win32
		{90E5D498-BC69-4733-8197-1B06101596AF}.Debug|Any CPU.Build.0 = Debug|Win32
		{90E5D498-BC69-4733-8197-1B06101596AF}.Debug|x64.ActiveCfg = Debug|x64
		{90E5D498-BC69-4733-8197-1B06101596AF}.Debug|x64.Build.0 = Debug|x64
		{90E5D498-BC69-4733-8197-1B06101596AF}.Debug|x86.ActiveCfg = Debug|Win32
		{90E5D498-BC69-4733-8197-1B06101596AF}.Debug|x86.Build.0 = Debug|Win32
		{90E5D498-BC69-4733-8197-1B06101596AF}.Release|Any CPU.ActiveCfg = Release|Win32
		{90E5D498-BC69-4733-8197-1B06101596AF}.Release|Any CPU.Build.0 = Release|Win32
		{90E5D498-BC69-4733-8197-1B06101596AF}.Release|x64.ActiveCfg = Release|x64
		{90E5D498-BC69-4733-8197-1B06101596AF}.Release|x64.Build.0 = Release|x64
		{90E5D498-BC69-4733-8197-1B06101596AF}.Release|x86.ActiveCfg = Release|Win32
		{90E5D498-BC69-4733-8197-1B06101596AF}.Release|x86.Build.0 = Release|Win32
		{B872F5D6-7986-46B4-8DE3-E418173FA444}.Debug|Any CPU.ActiveCfg = Debug|Any CPU
		{B872F5D6-7986-46B4-8DE3-E418173FA444}.Debug|Any CPU.Build.0 = Debug|Any CPU
		{B872F5D6-7986-46B4-8DE3-E418173FA444}.Debug|x64.ActiveCfg = Debug|Any CPU
		{B872F5D6-7986-46B4-8DE3-E418173FA444}.Debug|x64.Build.0 = Debug|Any CPU
		{B872F5D6-7986-46B4-8DE3-E418173FA444}.Debug|x86.ActiveCfg = Debug|Any CPU
		{B872F5D6-7986-46B4-8DE3-E418173FA444}.Debug|x86.Build.0 = Debug|Any CPU
		{B872F5D6-7986-46B4-8DE3-E418173FA444}.Release|Any CPU.ActiveCfg = Release|Any CPU
		{B872F5D6-7986-46B4-8DE3-E418173FA444}.Release|Any CPU.Build.0 = Release|Any CPU
		{B872F5D6-7986-46B4-8DE3-E418173FA444}.Release|x64.ActiveCfg = Release|Any CPU
		{B872F5D6-7986-46B4-8DE3-E418173FA444}.Release|x64.Build.0 = Release|Any CPU
		{B872F5D6-7986-46B4-8DE3-E418173FA444}.Release|x86.ActiveCfg = Release|Any CPU
		{B872F5D6-7986-46B4-8DE3-E418173FA444}.Release|x86.Build.0 = Release|Any CPU
		{350E4F59-7AE0-4F3B-9214-3FFC05362AB2}.Debug|Any CPU.ActiveCfg = Debug|Win32
		{350E4F59-7AE0-4F3B-9214-3FFC05362AB2}.Debug|Any CPU.Build.0 = Debug|Win32
		{350E4F59-7AE0-4F3B-9214-3FFC05362AB2}.Debug|x64.ActiveCfg = Debug|x64
		{350E4F59-7AE0-4F3B-9214-3FFC05362AB2}.Debug|x64.Build.0 = Debug|x64
		{350E4F59-7AE0-4F3B-9214-3FFC05362AB2}.Debug|x86.ActiveCfg = Debug|Win32
		{350E4F59-7AE0-4F3B-9214-3FFC05362AB2}.Debug|x86.Build.0 = Debug|Win32
		{350E4F59-7AE0-4F3B-9214-3FFC05362AB2}.Release|Any CPU.ActiveCfg = Release|Win32
		{350E4F59-7AE0-4F3B-9214-3FFC05362AB2}.Release|Any CPU.Build.0 = Release|Win32
		{350E4F59-7AE0-4F3B-9214-3FFC05362AB2}.Release|x64.ActiveCfg = Release|x64
		{350E4F59-7AE0-4F3B-9214-3FFC05362AB2}.Release|x64.Build.0 = Release|x64
		{350E4F59-7AE0-4F3B-9214-3FFC05362AB2}.Release|x86.ActiveCfg = Release|Win32
		{350E4F59-7AE0-4F3B-9214-3FFC05362AB2}.Release|x86.Build.0 = Release|Win32
		{3AE69DC4-DF2A-4400-BCBE-244E0D90FF48}.Debug|Any CPU.ActiveCfg = Debug|Any CPU
		{3AE69DC4-DF2A-4400-BCBE-244E0D90FF48}.Debug|Any CPU.Build.0 = Debug|Any CPU
		{3AE69DC4-DF2A-4400-BCBE-244E0D90FF48}.Debug|x64.ActiveCfg = Debug|Any CPU
		{3AE69DC4-DF2A-4400-BCBE-244E0D90FF48}.Debug|x64.Build.0 = Debug|Any CPU
		{3AE69DC4-DF2A-4400-BCBE-244E0D90FF48}.Debug|x86.ActiveCfg = Debug|Any CPU
		{3AE69DC4-DF2A-4400-BCBE-244E0D90FF48}.Debug|x86.Build.0 = Debug|Any CPU
		{3AE69DC4-DF2A-4400-BCBE-244E0D90FF48}.Release|Any CPU.ActiveCfg = Release|Any CPU
		{3AE69DC4-DF2A-4400-BCBE-244E0D90FF48}.Release|Any CPU.Build.0 = Release|Any CPU
		{3AE69DC4-DF2A-4400-BCBE-244E0D90FF48}.Release|x64.ActiveCfg = Release|Any CPU
		{3AE69DC4-DF2A-4400-BCBE-244E0D90FF48}.Release|x64.Build.0 = Release|Any CPU
		{3AE69DC4-DF2A-4400-BCBE-244E0D90FF48}.Release|x86.ActiveCfg = Release|Any CPU
		{3AE69DC4-DF2A-4400-BCBE-244E0D90FF48}.Release|x86.Build.0 = Release|Any CPU
		{FA2FB518-EC85-4C60-8C30-150E034689C2}.Debug|Any CPU.ActiveCfg = Debug|Any CPU
		{FA2FB518-EC85-4C60-8C30-150E034689C2}.Debug|Any CPU.Build.0 = Debug|Any CPU
		{FA2FB518-EC85-4C60-8C30-150E034689C2}.Debug|x64.ActiveCfg = Debug|Any CPU
		{FA2FB518-EC85-4C60-8C30-150E034689C2}.Debug|x64.Build.0 = Debug|Any CPU
		{FA2FB518-EC85-4C60-8C30-150E034689C2}.Debug|x86.ActiveCfg = Debug|Any CPU
		{FA2FB518-EC85-4C60-8C30-150E034689C2}.Debug|x86.Build.0 = Debug|Any CPU
		{FA2FB518-EC85-4C60-8C30-150E034689C2}.Release|Any CPU.ActiveCfg = Release|Any CPU
		{FA2FB518-EC85-4C60-8C30-150E034689C2}.Release|Any CPU.Build.0 = Release|Any CPU
		{FA2FB518-EC85-4C60-8C30-150E034689C2}.Release|x64.ActiveCfg = Release|Any CPU
		{FA2FB518-EC85-4C60-8C30-150E034689C2}.Release|x64.Build.0 = Release|Any CPU
		{FA2FB518-EC85-4C60-8C30-150E034689C2}.Release|x86.ActiveCfg = Release|Any CPU
		{FA2FB518-EC85-4C60-8C30-150E034689C2}.Release|x86.Build.0 = Release|Any CPU
		{9CBD4B1D-1100-4C70-826E-F8BA9502326A}.Debug|Any CPU.ActiveCfg = Debug|Any CPU
		{9CBD4B1D-1100-4C70-826E-F8BA9502326A}.Debug|Any CPU.Build.0 = Debug|Any CPU
		{9CBD4B1D-1100-4C70-826E-F8BA9502326A}.Debug|x64.ActiveCfg = Debug|Any CPU
		{9CBD4B1D-1100-4C70-826E-F8BA9502326A}.Debug|x64.Build.0 = Debug|Any CPU
		{9CBD4B1D-1100-4C70-826E-F8BA9502326A}.Debug|x86.ActiveCfg = Debug|Any CPU
		{9CBD4B1D-1100-4C70-826E-F8BA9502326A}.Debug|x86.Build.0 = Debug|Any CPU
		{9CBD4B1D-1100-4C70-826E-F8BA9502326A}.Release|Any CPU.ActiveCfg = Release|Any CPU
		{9CBD4B1D-1100-4C70-826E-F8BA9502326A}.Release|Any CPU.Build.0 = Release|Any CPU
		{9CBD4B1D-1100-4C70-826E-F8BA9502326A}.Release|x64.ActiveCfg = Release|Any CPU
		{9CBD4B1D-1100-4C70-826E-F8BA9502326A}.Release|x64.Build.0 = Release|Any CPU
		{9CBD4B1D-1100-4C70-826E-F8BA9502326A}.Release|x86.ActiveCfg = Release|Any CPU
		{9CBD4B1D-1100-4C70-826E-F8BA9502326A}.Release|x86.Build.0 = Release|Any CPU
		{3EB44666-F36E-4589-979A-A94AFCC1A6FD}.Debug|Any CPU.ActiveCfg = Debug|Any CPU
		{3EB44666-F36E-4589-979A-A94AFCC1A6FD}.Debug|Any CPU.Build.0 = Debug|Any CPU
		{3EB44666-F36E-4589-979A-A94AFCC1A6FD}.Debug|x64.ActiveCfg = Debug|Any CPU
		{3EB44666-F36E-4589-979A-A94AFCC1A6FD}.Debug|x64.Build.0 = Debug|Any CPU
		{3EB44666-F36E-4589-979A-A94AFCC1A6FD}.Debug|x86.ActiveCfg = Debug|Any CPU
		{3EB44666-F36E-4589-979A-A94AFCC1A6FD}.Debug|x86.Build.0 = Debug|Any CPU
		{3EB44666-F36E-4589-979A-A94AFCC1A6FD}.Release|Any CPU.ActiveCfg = Release|Any CPU
		{3EB44666-F36E-4589-979A-A94AFCC1A6FD}.Release|Any CPU.Build.0 = Release|Any CPU
		{3EB44666-F36E-4589-979A-A94AFCC1A6FD}.Release|x64.ActiveCfg = Release|Any CPU
		{3EB44666-F36E-4589-979A-A94AFCC1A6FD}.Release|x64.Build.0 = Release|Any CPU
		{3EB44666-F36E-4589-979A-A94AFCC1A6FD}.Release|x86.ActiveCfg = Release|Any CPU
		{3EB44666-F36E-4589-979A-A94AFCC1A6FD}.Release|x86.Build.0 = Release|Any CPU
		{943A0DBB-E60A-46FF-97D7-51937392ABDF}.Debug|Any CPU.ActiveCfg = Debug|Any CPU
		{943A0DBB-E60A-46FF-97D7-51937392ABDF}.Debug|Any CPU.Build.0 = Debug|Any CPU
		{943A0DBB-E60A-46FF-97D7-51937392ABDF}.Debug|x64.ActiveCfg = Debug|Any CPU
		{943A0DBB-E60A-46FF-97D7-51937392ABDF}.Debug|x64.Build.0 = Debug|Any CPU
		{943A0DBB-E60A-46FF-97D7-51937392ABDF}.Debug|x86.ActiveCfg = Debug|Any CPU
		{943A0DBB-E60A-46FF-97D7-51937392ABDF}.Debug|x86.Build.0 = Debug|Any CPU
		{943A0DBB-E60A-46FF-97D7-51937392ABDF}.Release|Any CPU.ActiveCfg = Release|Any CPU
		{943A0DBB-E60A-46FF-97D7-51937392ABDF}.Release|Any CPU.Build.0 = Release|Any CPU
		{943A0DBB-E60A-46FF-97D7-51937392ABDF}.Release|x64.ActiveCfg = Release|Any CPU
		{943A0DBB-E60A-46FF-97D7-51937392ABDF}.Release|x64.Build.0 = Release|Any CPU
		{943A0DBB-E60A-46FF-97D7-51937392ABDF}.Release|x86.ActiveCfg = Release|Any CPU
		{943A0DBB-E60A-46FF-97D7-51937392ABDF}.Release|x86.Build.0 = Release|Any CPU
		{15464858-CC45-4769-9E03-07CB9B04DB92}.Debug|Any CPU.ActiveCfg = Debug|Any CPU
		{15464858-CC45-4769-9E03-07CB9B04DB92}.Debug|Any CPU.Build.0 = Debug|Any CPU
		{15464858-CC45-4769-9E03-07CB9B04DB92}.Debug|x64.ActiveCfg = Debug|Any CPU
		{15464858-CC45-4769-9E03-07CB9B04DB92}.Debug|x64.Build.0 = Debug|Any CPU
		{15464858-CC45-4769-9E03-07CB9B04DB92}.Debug|x86.ActiveCfg = Debug|Any CPU
		{15464858-CC45-4769-9E03-07CB9B04DB92}.Debug|x86.Build.0 = Debug|Any CPU
		{15464858-CC45-4769-9E03-07CB9B04DB92}.Release|Any CPU.ActiveCfg = Release|Any CPU
		{15464858-CC45-4769-9E03-07CB9B04DB92}.Release|Any CPU.Build.0 = Release|Any CPU
		{15464858-CC45-4769-9E03-07CB9B04DB92}.Release|x64.ActiveCfg = Release|Any CPU
		{15464858-CC45-4769-9E03-07CB9B04DB92}.Release|x64.Build.0 = Release|Any CPU
		{15464858-CC45-4769-9E03-07CB9B04DB92}.Release|x86.ActiveCfg = Release|Any CPU
		{15464858-CC45-4769-9E03-07CB9B04DB92}.Release|x86.Build.0 = Release|Any CPU
		{77A8BCB1-A28A-4684-93B2-8E9335AECBF1}.Debug|Any CPU.ActiveCfg = Debug|Any CPU
		{77A8BCB1-A28A-4684-93B2-8E9335AECBF1}.Debug|Any CPU.Build.0 = Debug|Any CPU
		{77A8BCB1-A28A-4684-93B2-8E9335AECBF1}.Debug|x64.ActiveCfg = Debug|Any CPU
		{77A8BCB1-A28A-4684-93B2-8E9335AECBF1}.Debug|x64.Build.0 = Debug|Any CPU
		{77A8BCB1-A28A-4684-93B2-8E9335AECBF1}.Debug|x86.ActiveCfg = Debug|Any CPU
		{77A8BCB1-A28A-4684-93B2-8E9335AECBF1}.Debug|x86.Build.0 = Debug|Any CPU
		{77A8BCB1-A28A-4684-93B2-8E9335AECBF1}.Release|Any CPU.ActiveCfg = Release|Any CPU
		{77A8BCB1-A28A-4684-93B2-8E9335AECBF1}.Release|Any CPU.Build.0 = Release|Any CPU
		{77A8BCB1-A28A-4684-93B2-8E9335AECBF1}.Release|x64.ActiveCfg = Release|Any CPU
		{77A8BCB1-A28A-4684-93B2-8E9335AECBF1}.Release|x64.Build.0 = Release|Any CPU
		{77A8BCB1-A28A-4684-93B2-8E9335AECBF1}.Release|x86.ActiveCfg = Release|Any CPU
		{77A8BCB1-A28A-4684-93B2-8E9335AECBF1}.Release|x86.Build.0 = Release|Any CPU
	EndGlobalSection
	GlobalSection(SolutionProperties) = preSolution
		HideSolutionNode = FALSE
	EndGlobalSection
	GlobalSection(NestedProjects) = preSolution
		{B6572A85-59D1-48D5-A068-F2EE59D40416} = {ED290E8E-203A-40B2-9310-41D8AEA9BDBE}
		{DFFBE220-F07C-44BF-AD29-C761310E1EC1} = {61EA08FA-EB5E-4072-9BCB-14DB95134FEB}
		{90E5D498-BC69-4733-8197-1B06101596AF} = {61EA08FA-EB5E-4072-9BCB-14DB95134FEB}
		{3AE69DC4-DF2A-4400-BCBE-244E0D90FF48} = {4CA2DC47-CD35-433D-9427-AB202EA503C1}
		{FA2FB518-EC85-4C60-8C30-150E034689C2} = {61EA08FA-EB5E-4072-9BCB-14DB95134FEB}
		{9CBD4B1D-1100-4C70-826E-F8BA9502326A} = {61EA08FA-EB5E-4072-9BCB-14DB95134FEB}
		{3EB44666-F36E-4589-979A-A94AFCC1A6FD} = {ED290E8E-203A-40B2-9310-41D8AEA9BDBE}
		{943A0DBB-E60A-46FF-97D7-51937392ABDF} = {ED290E8E-203A-40B2-9310-41D8AEA9BDBE}
		{15464858-CC45-4769-9E03-07CB9B04DB92} = {ED290E8E-203A-40B2-9310-41D8AEA9BDBE}
		{77A8BCB1-A28A-4684-93B2-8E9335AECBF1} = {ED290E8E-203A-40B2-9310-41D8AEA9BDBE}
	EndGlobalSection
	GlobalSection(ExtensibilityGlobals) = postSolution
		SolutionGuid = {21A550EC-64CC-4912-901E-FAB5DA27287A}
	EndGlobalSection
EndGlobal
