
Microsoft Visual Studio Solution File, Format Version 12.00
# Visual Studio 15
VisualStudioVersion = 15.0.27130.2010
MinimumVisualStudioVersion = 10.0.40219.1
Project("{9A19103F-16F7-4668-BE54-9A1E7A4F7556}") = "ArgonCore", "ArgonCore\ArgonCore.csproj", "{C52D6617-9AE8-43A0-B3BB-80D11D22008C}"
EndProject
Project("{9A19103F-16F7-4668-BE54-9A1E7A4F7556}") = "InterfaceSteamClient", "Interfaces\SteamClient\InterfaceSteamClient.csproj", "{B6572A85-59D1-48D5-A068-F2EE59D40416}"
EndProject
Project("{FAE04EC0-301F-11D3-BF4B-00C04F79EFBC}") = "CoreTestBed", "testbed\App\CoreTestBed.csproj", "{DFFBE220-F07C-44BF-AD29-C761310E1EC1}"
EndProject
Project("{FAE04EC0-301F-11D3-BF4B-00C04F79EFBC}") = "DllExportTest", "testbed\DLLExport\DllExportTest.csproj", "{30EC0E63-CE5F-4A8F-BFFD-48286084A45D}"
EndProject
Project("{8BC9CEB8-8B4A-11D0-8D11-00A0C91BC942}") = "CppTestBed", "Testbed\CppTestBed\CppTestBed.vcxproj", "{90E5D498-BC69-4733-8197-1B06101596AF}"
EndProject
Project("{2150E333-8FDC-42A3-9474-1A3956D46DE8}") = "Interfaces", "Interfaces", "{ED290E8E-203A-40B2-9310-41D8AEA9BDBE}"
EndProject
Project("{FAE04EC0-301F-11D3-BF4B-00C04F79EFBC}") = "DelegateGenerator", "Interfaces\DelegateGenerator\DelegateGenerator.csproj", "{77A8BCB1-A28A-4684-93B2-8E9335AECBF1}"
EndProject
Global
	GlobalSection(SolutionConfigurationPlatforms) = preSolution
		Debug|Any CPU = Debug|Any CPU
		Debug|x64 = Debug|x64
		Debug|x86 = Debug|x86
		Release|Any CPU = Release|Any CPU
		Release|x64 = Release|x64
		Release|x86 = Release|x86
	EndGlobalSection
	GlobalSection(ProjectConfigurationPlatforms) = postSolution
		{C52D6617-9AE8-43A0-B3BB-80D11D22008C}.Debug|Any CPU.ActiveCfg = Debug|Any CPU
		{C52D6617-9AE8-43A0-B3BB-80D11D22008C}.Debug|Any CPU.Build.0 = Debug|Any CPU
		{C52D6617-9AE8-43A0-B3BB-80D11D22008C}.Debug|x64.ActiveCfg = Debug|Any CPU
		{C52D6617-9AE8-43A0-B3BB-80D11D22008C}.Debug|x64.Build.0 = Debug|Any CPU
		{C52D6617-9AE8-43A0-B3BB-80D11D22008C}.Debug|x86.ActiveCfg = Debug|x86
		{C52D6617-9AE8-43A0-B3BB-80D11D22008C}.Debug|x86.Build.0 = Debug|x86
		{C52D6617-9AE8-43A0-B3BB-80D11D22008C}.Release|Any CPU.ActiveCfg = Release|Any CPU
		{C52D6617-9AE8-43A0-B3BB-80D11D22008C}.Release|Any CPU.Build.0 = Release|Any CPU
		{C52D6617-9AE8-43A0-B3BB-80D11D22008C}.Release|x64.ActiveCfg = Release|Any CPU
		{C52D6617-9AE8-43A0-B3BB-80D11D22008C}.Release|x64.Build.0 = Release|Any CPU
		{C52D6617-9AE8-43A0-B3BB-80D11D22008C}.Release|x86.ActiveCfg = Release|x86
		{C52D6617-9AE8-43A0-B3BB-80D11D22008C}.Release|x86.Build.0 = Release|x86
		{B6572A85-59D1-48D5-A068-F2EE59D40416}.Debug|Any CPU.ActiveCfg = Debug|Any CPU
		{B6572A85-59D1-48D5-A068-F2EE59D40416}.Debug|Any CPU.Build.0 = Debug|Any CPU
		{B6572A85-59D1-48D5-A068-F2EE59D40416}.Debug|x64.ActiveCfg = Debug|Any CPU
		{B6572A85-59D1-48D5-A068-F2EE59D40416}.Debug|x64.Build.0 = Debug|Any CPU
		{B6572A85-59D1-48D5-A068-F2EE59D40416}.Debug|x86.ActiveCfg = Debug|Any CPU
		{B6572A85-59D1-48D5-A068-F2EE59D40416}.Debug|x86.Build.0 = Debug|Any CPU
		{B6572A85-59D1-48D5-A068-F2EE59D40416}.Release|Any CPU.ActiveCfg = Release|Any CPU
		{B6572A85-59D1-48D5-A068-F2EE59D40416}.Release|Any CPU.Build.0 = Release|Any CPU
		{B6572A85-59D1-48D5-A068-F2EE59D40416}.Release|x64.ActiveCfg = Release|Any CPU
		{B6572A85-59D1-48D5-A068-F2EE59D40416}.Release|x64.Build.0 = Release|Any CPU
		{B6572A85-59D1-48D5-A068-F2EE59D40416}.Release|x86.ActiveCfg = Release|Any CPU
		{B6572A85-59D1-48D5-A068-F2EE59D40416}.Release|x86.Build.0 = Release|Any CPU
		{DFFBE220-F07C-44BF-AD29-C761310E1EC1}.Debug|Any CPU.ActiveCfg = Debug|Any CPU
		{DFFBE220-F07C-44BF-AD29-C761310E1EC1}.Debug|Any CPU.Build.0 = Debug|Any CPU
		{DFFBE220-F07C-44BF-AD29-C761310E1EC1}.Debug|x64.ActiveCfg = Debug|Any CPU
		{DFFBE220-F07C-44BF-AD29-C761310E1EC1}.Debug|x64.Build.0 = Debug|Any CPU
		{DFFBE220-F07C-44BF-AD29-C761310E1EC1}.Debug|x86.ActiveCfg = Debug|Any CPU
		{DFFBE220-F07C-44BF-AD29-C761310E1EC1}.Debug|x86.Build.0 = Debug|Any CPU
		{DFFBE220-F07C-44BF-AD29-C761310E1EC1}.Release|Any CPU.ActiveCfg = Release|Any CPU
		{DFFBE220-F07C-44BF-AD29-C761310E1EC1}.Release|Any CPU.Build.0 = Release|Any CPU
		{DFFBE220-F07C-44BF-AD29-C761310E1EC1}.Release|x64.ActiveCfg = Release|Any CPU
		{DFFBE220-F07C-44BF-AD29-C761310E1EC1}.Release|x64.Build.0 = Release|Any CPU
		{DFFBE220-F07C-44BF-AD29-C761310E1EC1}.Release|x86.ActiveCfg = Release|Any CPU
		{DFFBE220-F07C-44BF-AD29-C761310E1EC1}.Release|x86.Build.0 = Release|Any CPU
		{30EC0E63-CE5F-4A8F-BFFD-48286084A45D}.Debug|Any CPU.ActiveCfg = Debug|Any CPU
		{30EC0E63-CE5F-4A8F-BFFD-48286084A45D}.Debug|Any CPU.Build.0 = Debug|Any CPU
		{30EC0E63-CE5F-4A8F-BFFD-48286084A45D}.Debug|x64.ActiveCfg = Debug|Any CPU
		{30EC0E63-CE5F-4A8F-BFFD-48286084A45D}.Debug|x64.Build.0 = Debug|Any CPU
		{30EC0E63-CE5F-4A8F-BFFD-48286084A45D}.Debug|x86.ActiveCfg = Debug|Any CPU
		{30EC0E63-CE5F-4A8F-BFFD-48286084A45D}.Debug|x86.Build.0 = Debug|Any CPU
		{30EC0E63-CE5F-4A8F-BFFD-48286084A45D}.Release|Any CPU.ActiveCfg = Release|Any CPU
		{30EC0E63-CE5F-4A8F-BFFD-48286084A45D}.Release|Any CPU.Build.0 = Release|Any CPU
		{30EC0E63-CE5F-4A8F-BFFD-48286084A45D}.Release|x64.ActiveCfg = Release|Any CPU
		{30EC0E63-CE5F-4A8F-BFFD-48286084A45D}.Release|x64.Build.0 = Release|Any CPU
		{30EC0E63-CE5F-4A8F-BFFD-48286084A45D}.Release|x86.ActiveCfg = Release|Any CPU
		{30EC0E63-CE5F-4A8F-BFFD-48286084A45D}.Release|x86.Build.0 = Release|Any CPU
		{90E5D498-BC69-4733-8197-1B06101596AF}.Debug|Any CPU.ActiveCfg = Debug|Win32
		{90E5D498-BC69-4733-8197-1B06101596AF}.Debug|Any CPU.Build.0 = Debug|Win32
		{90E5D498-BC69-4733-8197-1B06101596AF}.Debug|x64.ActiveCfg = Debug|x64
		{90E5D498-BC69-4733-8197-1B06101596AF}.Debug|x64.Build.0 = Debug|x64
		{90E5D498-BC69-4733-8197-1B06101596AF}.Debug|x86.ActiveCfg = Debug|Win32
		{90E5D498-BC69-4733-8197-1B06101596AF}.Debug|x86.Build.0 = Debug|Win32
		{90E5D498-BC69-4733-8197-1B06101596AF}.Release|Any CPU.ActiveCfg = Release|Win32
		{90E5D498-BC69-4733-8197-1B06101596AF}.Release|x64.ActiveCfg = Release|x64
		{90E5D498-BC69-4733-8197-1B06101596AF}.Release|x64.Build.0 = Release|x64
		{90E5D498-BC69-4733-8197-1B06101596AF}.Release|x86.ActiveCfg = Release|Win32
		{90E5D498-BC69-4733-8197-1B06101596AF}.Release|x86.Build.0 = Release|Win32
		{77A8BCB1-A28A-4684-93B2-8E9335AECBF1}.Debug|Any CPU.ActiveCfg = Debug|Any CPU
		{77A8BCB1-A28A-4684-93B2-8E9335AECBF1}.Debug|Any CPU.Build.0 = Debug|Any CPU
		{77A8BCB1-A28A-4684-93B2-8E9335AECBF1}.Debug|x64.ActiveCfg = Debug|Any CPU
		{77A8BCB1-A28A-4684-93B2-8E9335AECBF1}.Debug|x64.Build.0 = Debug|Any CPU
		{77A8BCB1-A28A-4684-93B2-8E9335AECBF1}.Debug|x86.ActiveCfg = Debug|Any CPU
		{77A8BCB1-A28A-4684-93B2-8E9335AECBF1}.Debug|x86.Build.0 = Debug|Any CPU
		{77A8BCB1-A28A-4684-93B2-8E9335AECBF1}.Release|Any CPU.ActiveCfg = Release|Any CPU
		{77A8BCB1-A28A-4684-93B2-8E9335AECBF1}.Release|Any CPU.Build.0 = Release|Any CPU
		{77A8BCB1-A28A-4684-93B2-8E9335AECBF1}.Release|x64.ActiveCfg = Release|Any CPU
		{77A8BCB1-A28A-4684-93B2-8E9335AECBF1}.Release|x64.Build.0 = Release|Any CPU
		{77A8BCB1-A28A-4684-93B2-8E9335AECBF1}.Release|x86.ActiveCfg = Release|Any CPU
		{77A8BCB1-A28A-4684-93B2-8E9335AECBF1}.Release|x86.Build.0 = Release|Any CPU
	EndGlobalSection
	GlobalSection(SolutionProperties) = preSolution
		HideSolutionNode = FALSE
	EndGlobalSection
	GlobalSection(NestedProjects) = preSolution
		{B6572A85-59D1-48D5-A068-F2EE59D40416} = {ED290E8E-203A-40B2-9310-41D8AEA9BDBE}
		{77A8BCB1-A28A-4684-93B2-8E9335AECBF1} = {ED290E8E-203A-40B2-9310-41D8AEA9BDBE}
	EndGlobalSection
	GlobalSection(ExtensibilityGlobals) = postSolution
		SolutionGuid = {21A550EC-64CC-4912-901E-FAB5DA27287A}
	EndGlobalSection
EndGlobal
