
Microsoft Visual Studio Solution File, Format Version 12.00
# Visual Studio 15
VisualStudioVersion = 15.0.27130.2010
MinimumVisualStudioVersion = 10.0.40219.1
Project("{9A19103F-16F7-4668-BE54-9A1E7A4F7556}") = "ArgonCore", "ArgonCore\ArgonCore.csproj", "{C52D6617-9AE8-43A0-B3BB-80D11D22008C}"
EndProject
Project("{2150E333-8FDC-42A3-9474-1A3956D46DE8}") = "Interfaces", "Interfaces", "{ED290E8E-203A-40B2-9310-41D8AEA9BDBE}"
EndProject
Project("{2150E333-8FDC-42A3-9474-1A3956D46DE8}") = "Testbed", "Testbed", "{61EA08FA-EB5E-4072-9BCB-14DB95134FEB}"
EndProject
Project("{9A19103F-16F7-4668-BE54-9A1E7A4F7556}") = "PublishHelper", "Testbed\PublishTest\PublishHelper.csproj", "{B872F5D6-7986-46B4-8DE3-E418173FA444}"
EndProject
Project("{9A19103F-16F7-4668-BE54-9A1E7A4F7556}") = "NamedPipeWrapper", "NamedPipeWrapper\NamedPipeWrapper.csproj", "{3AE69DC4-DF2A-4400-BCBE-244E0D90FF48}"
EndProject
Project("{2150E333-8FDC-42A3-9474-1A3956D46DE8}") = "Pipes", "Pipes", "{4CA2DC47-CD35-433D-9427-AB202EA503C1}"
EndProject
Project("{9A19103F-16F7-4668-BE54-9A1E7A4F7556}") = "CoreApp", "Testbed\CoreApp\CoreApp.csproj", "{FA2FB518-EC85-4C60-8C30-150E034689C2}"
EndProject
Project("{9A19103F-16F7-4668-BE54-9A1E7A4F7556}") = "ArgonHost", "Testbed\ArgonHost\ArgonHost.csproj", "{9CBD4B1D-1100-4C70-826E-F8BA9502326A}"
EndProject
Project("{9A19103F-16F7-4668-BE54-9A1E7A4F7556}") = "InterfaceAutogen", "Interfaces\InterfaceAutogen\InterfaceAutogen.csproj", "{943A0DBB-E60A-46FF-97D7-51937392ABDF}"
EndProject
Project("{9A19103F-16F7-4668-BE54-9A1E7A4F7556}") = "AutoGenerator", "Interfaces\AutoGenerator\AutoGenerator.csproj", "{86538AAE-E5D6-4621-9149-C704695E7CA0}"
EndProject
Project("{9A19103F-16F7-4668-BE54-9A1E7A4F7556}") = "InterfaceAppList", "Interfaces\Implementation\AppList\InterfaceAppList.csproj", "{E8608F2A-B746-4CAA-ACA8-34D7B68F9821}"
EndProject
Project("{9A19103F-16F7-4668-BE54-9A1E7A4F7556}") = "InterfaceApps", "Interfaces\Implementation\Apps\InterfaceApps.csproj", "{C3D4BCB3-428D-459D-99A9-4926F7540C1A}"
EndProject
Project("{9A19103F-16F7-4668-BE54-9A1E7A4F7556}") = "InterfaceArgonCore", "Interfaces\Implementation\ArgonCore\InterfaceArgonCore.csproj", "{93EA2E3C-730F-478A-B10C-D2B882F0051D}"
EndProject
Project("{9A19103F-16F7-4668-BE54-9A1E7A4F7556}") = "InterfaceClient", "Interfaces\Implementation\Client\InterfaceClient.csproj", "{47D85F01-5F92-4BEF-8FB5-1492CAEC7741}"
EndProject
Project("{9A19103F-16F7-4668-BE54-9A1E7A4F7556}") = "InterfaceController", "Interfaces\Implementation\Controller\InterfaceController.csproj", "{4D54AACC-FC5D-4FD3-A2A1-208EFC41EADB}"
EndProject
Project("{9A19103F-16F7-4668-BE54-9A1E7A4F7556}") = "InterfaceGameServer", "Interfaces\Implementation\GameServer\InterfaceGameServer.csproj", "{C6F02234-DBBE-4BE9-9C54-2BA19C260CF8}"
EndProject
Project("{9A19103F-16F7-4668-BE54-9A1E7A4F7556}") = "InterfaceGameServerStats", "Interfaces\Implementation\GameServerStats\InterfaceGameServerStats.csproj", "{F615A8B9-0205-4E71-B464-DC23C2E46358}"
EndProject
Project("{9A19103F-16F7-4668-BE54-9A1E7A4F7556}") = "InterfaceHTMLSurface", "Interfaces\Implementation\HTMLSurface\InterfaceHTMLSurface.csproj", "{16D5E3E8-596D-449D-A303-8DB0AC7F08C0}"
EndProject
Project("{9A19103F-16F7-4668-BE54-9A1E7A4F7556}") = "InterfaceHTTP", "Interfaces\Implementation\HTTP\InterfaceHTTP.csproj", "{0FD7142F-83C4-4837-8B42-FD6FD6BCD7ED}"
EndProject
Project("{9A19103F-16F7-4668-BE54-9A1E7A4F7556}") = "InterfaceInventory", "Interfaces\Implementation\Inventory\InterfaceInventory.csproj", "{D5A3F760-3544-4FB8-96C3-FDBA6897C22F}"
EndProject
Project("{9A19103F-16F7-4668-BE54-9A1E7A4F7556}") = "InterfaceMatchmaking", "Interfaces\Implementation\Matchmaking\InterfaceMatchmaking.csproj", "{BC950999-6ABD-4622-B1E5-6349314CABAA}"
EndProject
Project("{9A19103F-16F7-4668-BE54-9A1E7A4F7556}") = "InterfaceMatchmakingServers", "Interfaces\Implementation\MatchmakingServers\InterfaceMatchmakingServers.csproj", "{5AEABF59-4A68-4D63-83C8-BD8DD2F3A00D}"
EndProject
Project("{9A19103F-16F7-4668-BE54-9A1E7A4F7556}") = "InterfaceMusic", "Interfaces\Implementation\Music\InterfaceMusic.csproj", "{37BD4A0A-6F35-4744-9865-2A8B2D1E9B4D}"
EndProject
Project("{9A19103F-16F7-4668-BE54-9A1E7A4F7556}") = "InterfaceMusicRemote", "Interfaces\Implementation\MusicRemote\InterfaceMusicRemote.csproj", "{F0CB7677-BBE1-498E-817B-CB390D946365}"
EndProject
Project("{9A19103F-16F7-4668-BE54-9A1E7A4F7556}") = "InterfaceNetworking", "Interfaces\Implementation\Networking\InterfaceNetworking.csproj", "{3976EBA1-9DF6-4F2D-873B-6D0AD27CC34B}"
EndProject
Project("{9A19103F-16F7-4668-BE54-9A1E7A4F7556}") = "InterfaceRemoteStorage", "Interfaces\Implementation\RemoteStorage\InterfaceRemoteStorage.csproj", "{3531CD9F-13C0-4C22-9702-4018F582204A}"
EndProject
Project("{9A19103F-16F7-4668-BE54-9A1E7A4F7556}") = "InterfaceScreenshots", "Interfaces\Implementation\Screenshots\InterfaceScreenshots.csproj", "{FE2E2381-387A-43D3-9942-522779C1C9B0}"
EndProject
Project("{9A19103F-16F7-4668-BE54-9A1E7A4F7556}") = "InterfaceUGC", "Interfaces\Implementation\UGC\InterfaceUGC.csproj", "{52521F19-3A6A-4204-A90A-E9B49A1AAD12}"
EndProject
Project("{9A19103F-16F7-4668-BE54-9A1E7A4F7556}") = "InterfaceUnifiedMessages", "Interfaces\Implementation\UnifiedMessages\InterfaceUnifiedMessages.csproj", "{B19C7C2D-8256-451B-B11B-4B0F3ADDB8BC}"
EndProject
Project("{9A19103F-16F7-4668-BE54-9A1E7A4F7556}") = "InterfaceUser", "Interfaces\Implementation\User\InterfaceUser.csproj", "{DAA7245A-14F3-4BEF-87D1-184EB8CEBEE7}"
EndProject
Project("{9A19103F-16F7-4668-BE54-9A1E7A4F7556}") = "InterfaceUserStats", "Interfaces\Implementation\UserStats\InterfaceUserStats.csproj", "{91E4E069-C51E-4DA0-BFFD-95AEB6824648}"
EndProject
Project("{9A19103F-16F7-4668-BE54-9A1E7A4F7556}") = "InterfaceUtils", "Interfaces\Implementation\Utils\InterfaceUtils.csproj", "{E1B42445-2337-440A-A822-979416FFB858}"
EndProject
Project("{9A19103F-16F7-4668-BE54-9A1E7A4F7556}") = "InterfaceVideo", "Interfaces\Implementation\Video\InterfaceVideo.csproj", "{630A759E-13E3-4B17-82AC-01B233EAA2A0}"
EndProject
Project("{2150E333-8FDC-42A3-9474-1A3956D46DE8}") = "Implementations", "Implementations", "{14137E61-A5F0-4E03-A38E-6DB7B52572DF}"
EndProject
Project("{9A19103F-16F7-4668-BE54-9A1E7A4F7556}") = "InterfaceFriends", "Interfaces\Implementation\Friends\InterfaceFriends.csproj", "{06D82753-E272-466C-9284-9355F7584E7B}"
EndProject
Global
	GlobalSection(SolutionConfigurationPlatforms) = preSolution
		Debug|Any CPU = Debug|Any CPU
		Debug|x64 = Debug|x64
		Debug|x86 = Debug|x86
		Release|Any CPU = Release|Any CPU
		Release|x64 = Release|x64
		Release|x86 = Release|x86
	EndGlobalSection
	GlobalSection(ProjectConfigurationPlatforms) = postSolution
		{C52D6617-9AE8-43A0-B3BB-80D11D22008C}.Debug|Any CPU.ActiveCfg = Debug|Any CPU
		{C52D6617-9AE8-43A0-B3BB-80D11D22008C}.Debug|Any CPU.Build.0 = Debug|Any CPU
		{C52D6617-9AE8-43A0-B3BB-80D11D22008C}.Debug|x64.ActiveCfg = Debug|Any CPU
		{C52D6617-9AE8-43A0-B3BB-80D11D22008C}.Debug|x64.Build.0 = Debug|Any CPU
		{C52D6617-9AE8-43A0-B3BB-80D11D22008C}.Debug|x86.ActiveCfg = Debug|x86
		{C52D6617-9AE8-43A0-B3BB-80D11D22008C}.Debug|x86.Build.0 = Debug|x86
		{C52D6617-9AE8-43A0-B3BB-80D11D22008C}.Release|Any CPU.ActiveCfg = Release|Any CPU
		{C52D6617-9AE8-43A0-B3BB-80D11D22008C}.Release|Any CPU.Build.0 = Release|Any CPU
		{C52D6617-9AE8-43A0-B3BB-80D11D22008C}.Release|x64.ActiveCfg = Release|Any CPU
		{C52D6617-9AE8-43A0-B3BB-80D11D22008C}.Release|x64.Build.0 = Release|Any CPU
		{C52D6617-9AE8-43A0-B3BB-80D11D22008C}.Release|x86.ActiveCfg = Release|x86
		{C52D6617-9AE8-43A0-B3BB-80D11D22008C}.Release|x86.Build.0 = Release|x86
		{B872F5D6-7986-46B4-8DE3-E418173FA444}.Debug|Any CPU.ActiveCfg = Debug|Any CPU
		{B872F5D6-7986-46B4-8DE3-E418173FA444}.Debug|Any CPU.Build.0 = Debug|Any CPU
		{B872F5D6-7986-46B4-8DE3-E418173FA444}.Debug|x64.ActiveCfg = Debug|Any CPU
		{B872F5D6-7986-46B4-8DE3-E418173FA444}.Debug|x64.Build.0 = Debug|Any CPU
		{B872F5D6-7986-46B4-8DE3-E418173FA444}.Debug|x86.ActiveCfg = Debug|Any CPU
		{B872F5D6-7986-46B4-8DE3-E418173FA444}.Debug|x86.Build.0 = Debug|Any CPU
		{B872F5D6-7986-46B4-8DE3-E418173FA444}.Release|Any CPU.ActiveCfg = Release|Any CPU
		{B872F5D6-7986-46B4-8DE3-E418173FA444}.Release|Any CPU.Build.0 = Release|Any CPU
		{B872F5D6-7986-46B4-8DE3-E418173FA444}.Release|x64.ActiveCfg = Release|Any CPU
		{B872F5D6-7986-46B4-8DE3-E418173FA444}.Release|x64.Build.0 = Release|Any CPU
		{B872F5D6-7986-46B4-8DE3-E418173FA444}.Release|x86.ActiveCfg = Release|Any CPU
		{B872F5D6-7986-46B4-8DE3-E418173FA444}.Release|x86.Build.0 = Release|Any CPU
		{3AE69DC4-DF2A-4400-BCBE-244E0D90FF48}.Debug|Any CPU.ActiveCfg = Debug|Any CPU
		{3AE69DC4-DF2A-4400-BCBE-244E0D90FF48}.Debug|Any CPU.Build.0 = Debug|Any CPU
		{3AE69DC4-DF2A-4400-BCBE-244E0D90FF48}.Debug|x64.ActiveCfg = Debug|Any CPU
		{3AE69DC4-DF2A-4400-BCBE-244E0D90FF48}.Debug|x64.Build.0 = Debug|Any CPU
		{3AE69DC4-DF2A-4400-BCBE-244E0D90FF48}.Debug|x86.ActiveCfg = Debug|Any CPU
		{3AE69DC4-DF2A-4400-BCBE-244E0D90FF48}.Debug|x86.Build.0 = Debug|Any CPU
		{3AE69DC4-DF2A-4400-BCBE-244E0D90FF48}.Release|Any CPU.ActiveCfg = Release|Any CPU
		{3AE69DC4-DF2A-4400-BCBE-244E0D90FF48}.Release|Any CPU.Build.0 = Release|Any CPU
		{3AE69DC4-DF2A-4400-BCBE-244E0D90FF48}.Release|x64.ActiveCfg = Release|Any CPU
		{3AE69DC4-DF2A-4400-BCBE-244E0D90FF48}.Release|x64.Build.0 = Release|Any CPU
		{3AE69DC4-DF2A-4400-BCBE-244E0D90FF48}.Release|x86.ActiveCfg = Release|Any CPU
		{3AE69DC4-DF2A-4400-BCBE-244E0D90FF48}.Release|x86.Build.0 = Release|Any CPU
		{FA2FB518-EC85-4C60-8C30-150E034689C2}.Debug|Any CPU.ActiveCfg = Debug|Any CPU
		{FA2FB518-EC85-4C60-8C30-150E034689C2}.Debug|Any CPU.Build.0 = Debug|Any CPU
		{FA2FB518-EC85-4C60-8C30-150E034689C2}.Debug|x64.ActiveCfg = Debug|Any CPU
		{FA2FB518-EC85-4C60-8C30-150E034689C2}.Debug|x64.Build.0 = Debug|Any CPU
		{FA2FB518-EC85-4C60-8C30-150E034689C2}.Debug|x86.ActiveCfg = Debug|Any CPU
		{FA2FB518-EC85-4C60-8C30-150E034689C2}.Debug|x86.Build.0 = Debug|Any CPU
		{FA2FB518-EC85-4C60-8C30-150E034689C2}.Release|Any CPU.ActiveCfg = Release|Any CPU
		{FA2FB518-EC85-4C60-8C30-150E034689C2}.Release|Any CPU.Build.0 = Release|Any CPU
		{FA2FB518-EC85-4C60-8C30-150E034689C2}.Release|x64.ActiveCfg = Release|Any CPU
		{FA2FB518-EC85-4C60-8C30-150E034689C2}.Release|x64.Build.0 = Release|Any CPU
		{FA2FB518-EC85-4C60-8C30-150E034689C2}.Release|x86.ActiveCfg = Release|Any CPU
		{FA2FB518-EC85-4C60-8C30-150E034689C2}.Release|x86.Build.0 = Release|Any CPU
		{9CBD4B1D-1100-4C70-826E-F8BA9502326A}.Debug|Any CPU.ActiveCfg = Debug|Any CPU
		{9CBD4B1D-1100-4C70-826E-F8BA9502326A}.Debug|Any CPU.Build.0 = Debug|Any CPU
		{9CBD4B1D-1100-4C70-826E-F8BA9502326A}.Debug|x64.ActiveCfg = Debug|Any CPU
		{9CBD4B1D-1100-4C70-826E-F8BA9502326A}.Debug|x64.Build.0 = Debug|Any CPU
		{9CBD4B1D-1100-4C70-826E-F8BA9502326A}.Debug|x86.ActiveCfg = Debug|Any CPU
		{9CBD4B1D-1100-4C70-826E-F8BA9502326A}.Debug|x86.Build.0 = Debug|Any CPU
		{9CBD4B1D-1100-4C70-826E-F8BA9502326A}.Release|Any CPU.ActiveCfg = Release|Any CPU
		{9CBD4B1D-1100-4C70-826E-F8BA9502326A}.Release|Any CPU.Build.0 = Release|Any CPU
		{9CBD4B1D-1100-4C70-826E-F8BA9502326A}.Release|x64.ActiveCfg = Release|Any CPU
		{9CBD4B1D-1100-4C70-826E-F8BA9502326A}.Release|x64.Build.0 = Release|Any CPU
		{9CBD4B1D-1100-4C70-826E-F8BA9502326A}.Release|x86.ActiveCfg = Release|Any CPU
		{9CBD4B1D-1100-4C70-826E-F8BA9502326A}.Release|x86.Build.0 = Release|Any CPU
		{943A0DBB-E60A-46FF-97D7-51937392ABDF}.Debug|Any CPU.ActiveCfg = Debug|Any CPU
		{943A0DBB-E60A-46FF-97D7-51937392ABDF}.Debug|Any CPU.Build.0 = Debug|Any CPU
		{943A0DBB-E60A-46FF-97D7-51937392ABDF}.Debug|x64.ActiveCfg = Debug|Any CPU
		{943A0DBB-E60A-46FF-97D7-51937392ABDF}.Debug|x64.Build.0 = Debug|Any CPU
		{943A0DBB-E60A-46FF-97D7-51937392ABDF}.Debug|x86.ActiveCfg = Debug|Any CPU
		{943A0DBB-E60A-46FF-97D7-51937392ABDF}.Debug|x86.Build.0 = Debug|Any CPU
		{943A0DBB-E60A-46FF-97D7-51937392ABDF}.Release|Any CPU.ActiveCfg = Release|Any CPU
		{943A0DBB-E60A-46FF-97D7-51937392ABDF}.Release|Any CPU.Build.0 = Release|Any CPU
		{943A0DBB-E60A-46FF-97D7-51937392ABDF}.Release|x64.ActiveCfg = Release|Any CPU
		{943A0DBB-E60A-46FF-97D7-51937392ABDF}.Release|x64.Build.0 = Release|Any CPU
		{943A0DBB-E60A-46FF-97D7-51937392ABDF}.Release|x86.ActiveCfg = Release|Any CPU
		{943A0DBB-E60A-46FF-97D7-51937392ABDF}.Release|x86.Build.0 = Release|Any CPU
		{86538AAE-E5D6-4621-9149-C704695E7CA0}.Debug|Any CPU.ActiveCfg = Debug|Any CPU
		{86538AAE-E5D6-4621-9149-C704695E7CA0}.Debug|Any CPU.Build.0 = Debug|Any CPU
		{86538AAE-E5D6-4621-9149-C704695E7CA0}.Debug|x64.ActiveCfg = Debug|Any CPU
		{86538AAE-E5D6-4621-9149-C704695E7CA0}.Debug|x64.Build.0 = Debug|Any CPU
		{86538AAE-E5D6-4621-9149-C704695E7CA0}.Debug|x86.ActiveCfg = Debug|Any CPU
		{86538AAE-E5D6-4621-9149-C704695E7CA0}.Debug|x86.Build.0 = Debug|Any CPU
		{86538AAE-E5D6-4621-9149-C704695E7CA0}.Release|Any CPU.ActiveCfg = Release|Any CPU
		{86538AAE-E5D6-4621-9149-C704695E7CA0}.Release|Any CPU.Build.0 = Release|Any CPU
		{86538AAE-E5D6-4621-9149-C704695E7CA0}.Release|x64.ActiveCfg = Release|Any CPU
		{86538AAE-E5D6-4621-9149-C704695E7CA0}.Release|x64.Build.0 = Release|Any CPU
		{86538AAE-E5D6-4621-9149-C704695E7CA0}.Release|x86.ActiveCfg = Release|Any CPU
		{86538AAE-E5D6-4621-9149-C704695E7CA0}.Release|x86.Build.0 = Release|Any CPU
		{E8608F2A-B746-4CAA-ACA8-34D7B68F9821}.Debug|Any CPU.ActiveCfg = Debug|Any CPU
		{E8608F2A-B746-4CAA-ACA8-34D7B68F9821}.Debug|Any CPU.Build.0 = Debug|Any CPU
		{E8608F2A-B746-4CAA-ACA8-34D7B68F9821}.Debug|x64.ActiveCfg = Debug|Any CPU
		{E8608F2A-B746-4CAA-ACA8-34D7B68F9821}.Debug|x64.Build.0 = Debug|Any CPU
		{E8608F2A-B746-4CAA-ACA8-34D7B68F9821}.Debug|x86.ActiveCfg = Debug|Any CPU
		{E8608F2A-B746-4CAA-ACA8-34D7B68F9821}.Debug|x86.Build.0 = Debug|Any CPU
		{E8608F2A-B746-4CAA-ACA8-34D7B68F9821}.Release|Any CPU.ActiveCfg = Release|Any CPU
		{E8608F2A-B746-4CAA-ACA8-34D7B68F9821}.Release|Any CPU.Build.0 = Release|Any CPU
		{E8608F2A-B746-4CAA-ACA8-34D7B68F9821}.Release|x64.ActiveCfg = Release|Any CPU
		{E8608F2A-B746-4CAA-ACA8-34D7B68F9821}.Release|x64.Build.0 = Release|Any CPU
		{E8608F2A-B746-4CAA-ACA8-34D7B68F9821}.Release|x86.ActiveCfg = Release|Any CPU
		{E8608F2A-B746-4CAA-ACA8-34D7B68F9821}.Release|x86.Build.0 = Release|Any CPU
		{C3D4BCB3-428D-459D-99A9-4926F7540C1A}.Debug|Any CPU.ActiveCfg = Debug|Any CPU
		{C3D4BCB3-428D-459D-99A9-4926F7540C1A}.Debug|Any CPU.Build.0 = Debug|Any CPU
		{C3D4BCB3-428D-459D-99A9-4926F7540C1A}.Debug|x64.ActiveCfg = Debug|Any CPU
		{C3D4BCB3-428D-459D-99A9-4926F7540C1A}.Debug|x64.Build.0 = Debug|Any CPU
		{C3D4BCB3-428D-459D-99A9-4926F7540C1A}.Debug|x86.ActiveCfg = Debug|Any CPU
		{C3D4BCB3-428D-459D-99A9-4926F7540C1A}.Debug|x86.Build.0 = Debug|Any CPU
		{C3D4BCB3-428D-459D-99A9-4926F7540C1A}.Release|Any CPU.ActiveCfg = Release|Any CPU
		{C3D4BCB3-428D-459D-99A9-4926F7540C1A}.Release|Any CPU.Build.0 = Release|Any CPU
		{C3D4BCB3-428D-459D-99A9-4926F7540C1A}.Release|x64.ActiveCfg = Release|Any CPU
		{C3D4BCB3-428D-459D-99A9-4926F7540C1A}.Release|x64.Build.0 = Release|Any CPU
		{C3D4BCB3-428D-459D-99A9-4926F7540C1A}.Release|x86.ActiveCfg = Release|Any CPU
		{C3D4BCB3-428D-459D-99A9-4926F7540C1A}.Release|x86.Build.0 = Release|Any CPU
		{93EA2E3C-730F-478A-B10C-D2B882F0051D}.Debug|Any CPU.ActiveCfg = Debug|Any CPU
		{93EA2E3C-730F-478A-B10C-D2B882F0051D}.Debug|Any CPU.Build.0 = Debug|Any CPU
		{93EA2E3C-730F-478A-B10C-D2B882F0051D}.Debug|x64.ActiveCfg = Debug|Any CPU
		{93EA2E3C-730F-478A-B10C-D2B882F0051D}.Debug|x64.Build.0 = Debug|Any CPU
		{93EA2E3C-730F-478A-B10C-D2B882F0051D}.Debug|x86.ActiveCfg = Debug|Any CPU
		{93EA2E3C-730F-478A-B10C-D2B882F0051D}.Debug|x86.Build.0 = Debug|Any CPU
		{93EA2E3C-730F-478A-B10C-D2B882F0051D}.Release|Any CPU.ActiveCfg = Release|Any CPU
		{93EA2E3C-730F-478A-B10C-D2B882F0051D}.Release|Any CPU.Build.0 = Release|Any CPU
		{93EA2E3C-730F-478A-B10C-D2B882F0051D}.Release|x64.ActiveCfg = Release|Any CPU
		{93EA2E3C-730F-478A-B10C-D2B882F0051D}.Release|x64.Build.0 = Release|Any CPU
		{93EA2E3C-730F-478A-B10C-D2B882F0051D}.Release|x86.ActiveCfg = Release|Any CPU
		{93EA2E3C-730F-478A-B10C-D2B882F0051D}.Release|x86.Build.0 = Release|Any CPU
		{47D85F01-5F92-4BEF-8FB5-1492CAEC7741}.Debug|Any CPU.ActiveCfg = Debug|Any CPU
		{47D85F01-5F92-4BEF-8FB5-1492CAEC7741}.Debug|Any CPU.Build.0 = Debug|Any CPU
		{47D85F01-5F92-4BEF-8FB5-1492CAEC7741}.Debug|x64.ActiveCfg = Debug|Any CPU
		{47D85F01-5F92-4BEF-8FB5-1492CAEC7741}.Debug|x64.Build.0 = Debug|Any CPU
		{47D85F01-5F92-4BEF-8FB5-1492CAEC7741}.Debug|x86.ActiveCfg = Debug|Any CPU
		{47D85F01-5F92-4BEF-8FB5-1492CAEC7741}.Debug|x86.Build.0 = Debug|Any CPU
		{47D85F01-5F92-4BEF-8FB5-1492CAEC7741}.Release|Any CPU.ActiveCfg = Release|Any CPU
		{47D85F01-5F92-4BEF-8FB5-1492CAEC7741}.Release|Any CPU.Build.0 = Release|Any CPU
		{47D85F01-5F92-4BEF-8FB5-1492CAEC7741}.Release|x64.ActiveCfg = Release|Any CPU
		{47D85F01-5F92-4BEF-8FB5-1492CAEC7741}.Release|x64.Build.0 = Release|Any CPU
		{47D85F01-5F92-4BEF-8FB5-1492CAEC7741}.Release|x86.ActiveCfg = Release|Any CPU
		{47D85F01-5F92-4BEF-8FB5-1492CAEC7741}.Release|x86.Build.0 = Release|Any CPU
		{4D54AACC-FC5D-4FD3-A2A1-208EFC41EADB}.Debug|Any CPU.ActiveCfg = Debug|Any CPU
		{4D54AACC-FC5D-4FD3-A2A1-208EFC41EADB}.Debug|Any CPU.Build.0 = Debug|Any CPU
		{4D54AACC-FC5D-4FD3-A2A1-208EFC41EADB}.Debug|x64.ActiveCfg = Debug|Any CPU
		{4D54AACC-FC5D-4FD3-A2A1-208EFC41EADB}.Debug|x64.Build.0 = Debug|Any CPU
		{4D54AACC-FC5D-4FD3-A2A1-208EFC41EADB}.Debug|x86.ActiveCfg = Debug|Any CPU
		{4D54AACC-FC5D-4FD3-A2A1-208EFC41EADB}.Debug|x86.Build.0 = Debug|Any CPU
		{4D54AACC-FC5D-4FD3-A2A1-208EFC41EADB}.Release|Any CPU.ActiveCfg = Release|Any CPU
		{4D54AACC-FC5D-4FD3-A2A1-208EFC41EADB}.Release|Any CPU.Build.0 = Release|Any CPU
		{4D54AACC-FC5D-4FD3-A2A1-208EFC41EADB}.Release|x64.ActiveCfg = Release|Any CPU
		{4D54AACC-FC5D-4FD3-A2A1-208EFC41EADB}.Release|x64.Build.0 = Release|Any CPU
		{4D54AACC-FC5D-4FD3-A2A1-208EFC41EADB}.Release|x86.ActiveCfg = Release|Any CPU
		{4D54AACC-FC5D-4FD3-A2A1-208EFC41EADB}.Release|x86.Build.0 = Release|Any CPU
		{C6F02234-DBBE-4BE9-9C54-2BA19C260CF8}.Debug|Any CPU.ActiveCfg = Debug|Any CPU
		{C6F02234-DBBE-4BE9-9C54-2BA19C260CF8}.Debug|Any CPU.Build.0 = Debug|Any CPU
		{C6F02234-DBBE-4BE9-9C54-2BA19C260CF8}.Debug|x64.ActiveCfg = Debug|Any CPU
		{C6F02234-DBBE-4BE9-9C54-2BA19C260CF8}.Debug|x64.Build.0 = Debug|Any CPU
		{C6F02234-DBBE-4BE9-9C54-2BA19C260CF8}.Debug|x86.ActiveCfg = Debug|Any CPU
		{C6F02234-DBBE-4BE9-9C54-2BA19C260CF8}.Debug|x86.Build.0 = Debug|Any CPU
		{C6F02234-DBBE-4BE9-9C54-2BA19C260CF8}.Release|Any CPU.ActiveCfg = Release|Any CPU
		{C6F02234-DBBE-4BE9-9C54-2BA19C260CF8}.Release|Any CPU.Build.0 = Release|Any CPU
		{C6F02234-DBBE-4BE9-9C54-2BA19C260CF8}.Release|x64.ActiveCfg = Release|Any CPU
		{C6F02234-DBBE-4BE9-9C54-2BA19C260CF8}.Release|x64.Build.0 = Release|Any CPU
		{C6F02234-DBBE-4BE9-9C54-2BA19C260CF8}.Release|x86.ActiveCfg = Release|Any CPU
		{C6F02234-DBBE-4BE9-9C54-2BA19C260CF8}.Release|x86.Build.0 = Release|Any CPU
		{F615A8B9-0205-4E71-B464-DC23C2E46358}.Debug|Any CPU.ActiveCfg = Debug|Any CPU
		{F615A8B9-0205-4E71-B464-DC23C2E46358}.Debug|Any CPU.Build.0 = Debug|Any CPU
		{F615A8B9-0205-4E71-B464-DC23C2E46358}.Debug|x64.ActiveCfg = Debug|Any CPU
		{F615A8B9-0205-4E71-B464-DC23C2E46358}.Debug|x64.Build.0 = Debug|Any CPU
		{F615A8B9-0205-4E71-B464-DC23C2E46358}.Debug|x86.ActiveCfg = Debug|Any CPU
		{F615A8B9-0205-4E71-B464-DC23C2E46358}.Debug|x86.Build.0 = Debug|Any CPU
		{F615A8B9-0205-4E71-B464-DC23C2E46358}.Release|Any CPU.ActiveCfg = Release|Any CPU
		{F615A8B9-0205-4E71-B464-DC23C2E46358}.Release|Any CPU.Build.0 = Release|Any CPU
		{F615A8B9-0205-4E71-B464-DC23C2E46358}.Release|x64.ActiveCfg = Release|Any CPU
		{F615A8B9-0205-4E71-B464-DC23C2E46358}.Release|x64.Build.0 = Release|Any CPU
		{F615A8B9-0205-4E71-B464-DC23C2E46358}.Release|x86.ActiveCfg = Release|Any CPU
		{F615A8B9-0205-4E71-B464-DC23C2E46358}.Release|x86.Build.0 = Release|Any CPU
		{16D5E3E8-596D-449D-A303-8DB0AC7F08C0}.Debug|Any CPU.ActiveCfg = Debug|Any CPU
		{16D5E3E8-596D-449D-A303-8DB0AC7F08C0}.Debug|Any CPU.Build.0 = Debug|Any CPU
		{16D5E3E8-596D-449D-A303-8DB0AC7F08C0}.Debug|x64.ActiveCfg = Debug|Any CPU
		{16D5E3E8-596D-449D-A303-8DB0AC7F08C0}.Debug|x64.Build.0 = Debug|Any CPU
		{16D5E3E8-596D-449D-A303-8DB0AC7F08C0}.Debug|x86.ActiveCfg = Debug|Any CPU
		{16D5E3E8-596D-449D-A303-8DB0AC7F08C0}.Debug|x86.Build.0 = Debug|Any CPU
		{16D5E3E8-596D-449D-A303-8DB0AC7F08C0}.Release|Any CPU.ActiveCfg = Release|Any CPU
		{16D5E3E8-596D-449D-A303-8DB0AC7F08C0}.Release|Any CPU.Build.0 = Release|Any CPU
		{16D5E3E8-596D-449D-A303-8DB0AC7F08C0}.Release|x64.ActiveCfg = Release|Any CPU
		{16D5E3E8-596D-449D-A303-8DB0AC7F08C0}.Release|x64.Build.0 = Release|Any CPU
		{16D5E3E8-596D-449D-A303-8DB0AC7F08C0}.Release|x86.ActiveCfg = Release|Any CPU
		{16D5E3E8-596D-449D-A303-8DB0AC7F08C0}.Release|x86.Build.0 = Release|Any CPU
		{0FD7142F-83C4-4837-8B42-FD6FD6BCD7ED}.Debug|Any CPU.ActiveCfg = Debug|Any CPU
		{0FD7142F-83C4-4837-8B42-FD6FD6BCD7ED}.Debug|Any CPU.Build.0 = Debug|Any CPU
		{0FD7142F-83C4-4837-8B42-FD6FD6BCD7ED}.Debug|x64.ActiveCfg = Debug|Any CPU
		{0FD7142F-83C4-4837-8B42-FD6FD6BCD7ED}.Debug|x64.Build.0 = Debug|Any CPU
		{0FD7142F-83C4-4837-8B42-FD6FD6BCD7ED}.Debug|x86.ActiveCfg = Debug|Any CPU
		{0FD7142F-83C4-4837-8B42-FD6FD6BCD7ED}.Debug|x86.Build.0 = Debug|Any CPU
		{0FD7142F-83C4-4837-8B42-FD6FD6BCD7ED}.Release|Any CPU.ActiveCfg = Release|Any CPU
		{0FD7142F-83C4-4837-8B42-FD6FD6BCD7ED}.Release|Any CPU.Build.0 = Release|Any CPU
		{0FD7142F-83C4-4837-8B42-FD6FD6BCD7ED}.Release|x64.ActiveCfg = Release|Any CPU
		{0FD7142F-83C4-4837-8B42-FD6FD6BCD7ED}.Release|x64.Build.0 = Release|Any CPU
		{0FD7142F-83C4-4837-8B42-FD6FD6BCD7ED}.Release|x86.ActiveCfg = Release|Any CPU
		{0FD7142F-83C4-4837-8B42-FD6FD6BCD7ED}.Release|x86.Build.0 = Release|Any CPU
		{D5A3F760-3544-4FB8-96C3-FDBA6897C22F}.Debug|Any CPU.ActiveCfg = Debug|Any CPU
		{D5A3F760-3544-4FB8-96C3-FDBA6897C22F}.Debug|Any CPU.Build.0 = Debug|Any CPU
		{D5A3F760-3544-4FB8-96C3-FDBA6897C22F}.Debug|x64.ActiveCfg = Debug|Any CPU
		{D5A3F760-3544-4FB8-96C3-FDBA6897C22F}.Debug|x64.Build.0 = Debug|Any CPU
		{D5A3F760-3544-4FB8-96C3-FDBA6897C22F}.Debug|x86.ActiveCfg = Debug|Any CPU
		{D5A3F760-3544-4FB8-96C3-FDBA6897C22F}.Debug|x86.Build.0 = Debug|Any CPU
		{D5A3F760-3544-4FB8-96C3-FDBA6897C22F}.Release|Any CPU.ActiveCfg = Release|Any CPU
		{D5A3F760-3544-4FB8-96C3-FDBA6897C22F}.Release|Any CPU.Build.0 = Release|Any CPU
		{D5A3F760-3544-4FB8-96C3-FDBA6897C22F}.Release|x64.ActiveCfg = Release|Any CPU
		{D5A3F760-3544-4FB8-96C3-FDBA6897C22F}.Release|x64.Build.0 = Release|Any CPU
		{D5A3F760-3544-4FB8-96C3-FDBA6897C22F}.Release|x86.ActiveCfg = Release|Any CPU
		{D5A3F760-3544-4FB8-96C3-FDBA6897C22F}.Release|x86.Build.0 = Release|Any CPU
		{BC950999-6ABD-4622-B1E5-6349314CABAA}.Debug|Any CPU.ActiveCfg = Debug|Any CPU
		{BC950999-6ABD-4622-B1E5-6349314CABAA}.Debug|Any CPU.Build.0 = Debug|Any CPU
		{BC950999-6ABD-4622-B1E5-6349314CABAA}.Debug|x64.ActiveCfg = Debug|Any CPU
		{BC950999-6ABD-4622-B1E5-6349314CABAA}.Debug|x64.Build.0 = Debug|Any CPU
		{BC950999-6ABD-4622-B1E5-6349314CABAA}.Debug|x86.ActiveCfg = Debug|Any CPU
		{BC950999-6ABD-4622-B1E5-6349314CABAA}.Debug|x86.Build.0 = Debug|Any CPU
		{BC950999-6ABD-4622-B1E5-6349314CABAA}.Release|Any CPU.ActiveCfg = Release|Any CPU
		{BC950999-6ABD-4622-B1E5-6349314CABAA}.Release|Any CPU.Build.0 = Release|Any CPU
		{BC950999-6ABD-4622-B1E5-6349314CABAA}.Release|x64.ActiveCfg = Release|Any CPU
		{BC950999-6ABD-4622-B1E5-6349314CABAA}.Release|x64.Build.0 = Release|Any CPU
		{BC950999-6ABD-4622-B1E5-6349314CABAA}.Release|x86.ActiveCfg = Release|Any CPU
		{BC950999-6ABD-4622-B1E5-6349314CABAA}.Release|x86.Build.0 = Release|Any CPU
		{5AEABF59-4A68-4D63-83C8-BD8DD2F3A00D}.Debug|Any CPU.ActiveCfg = Debug|Any CPU
		{5AEABF59-4A68-4D63-83C8-BD8DD2F3A00D}.Debug|Any CPU.Build.0 = Debug|Any CPU
		{5AEABF59-4A68-4D63-83C8-BD8DD2F3A00D}.Debug|x64.ActiveCfg = Debug|Any CPU
		{5AEABF59-4A68-4D63-83C8-BD8DD2F3A00D}.Debug|x64.Build.0 = Debug|Any CPU
		{5AEABF59-4A68-4D63-83C8-BD8DD2F3A00D}.Debug|x86.ActiveCfg = Debug|Any CPU
		{5AEABF59-4A68-4D63-83C8-BD8DD2F3A00D}.Debug|x86.Build.0 = Debug|Any CPU
		{5AEABF59-4A68-4D63-83C8-BD8DD2F3A00D}.Release|Any CPU.ActiveCfg = Release|Any CPU
		{5AEABF59-4A68-4D63-83C8-BD8DD2F3A00D}.Release|Any CPU.Build.0 = Release|Any CPU
		{5AEABF59-4A68-4D63-83C8-BD8DD2F3A00D}.Release|x64.ActiveCfg = Release|Any CPU
		{5AEABF59-4A68-4D63-83C8-BD8DD2F3A00D}.Release|x64.Build.0 = Release|Any CPU
		{5AEABF59-4A68-4D63-83C8-BD8DD2F3A00D}.Release|x86.ActiveCfg = Release|Any CPU
		{5AEABF59-4A68-4D63-83C8-BD8DD2F3A00D}.Release|x86.Build.0 = Release|Any CPU
		{37BD4A0A-6F35-4744-9865-2A8B2D1E9B4D}.Debug|Any CPU.ActiveCfg = Debug|Any CPU
		{37BD4A0A-6F35-4744-9865-2A8B2D1E9B4D}.Debug|Any CPU.Build.0 = Debug|Any CPU
		{37BD4A0A-6F35-4744-9865-2A8B2D1E9B4D}.Debug|x64.ActiveCfg = Debug|Any CPU
		{37BD4A0A-6F35-4744-9865-2A8B2D1E9B4D}.Debug|x64.Build.0 = Debug|Any CPU
		{37BD4A0A-6F35-4744-9865-2A8B2D1E9B4D}.Debug|x86.ActiveCfg = Debug|Any CPU
		{37BD4A0A-6F35-4744-9865-2A8B2D1E9B4D}.Debug|x86.Build.0 = Debug|Any CPU
		{37BD4A0A-6F35-4744-9865-2A8B2D1E9B4D}.Release|Any CPU.ActiveCfg = Release|Any CPU
		{37BD4A0A-6F35-4744-9865-2A8B2D1E9B4D}.Release|Any CPU.Build.0 = Release|Any CPU
		{37BD4A0A-6F35-4744-9865-2A8B2D1E9B4D}.Release|x64.ActiveCfg = Release|Any CPU
		{37BD4A0A-6F35-4744-9865-2A8B2D1E9B4D}.Release|x64.Build.0 = Release|Any CPU
		{37BD4A0A-6F35-4744-9865-2A8B2D1E9B4D}.Release|x86.ActiveCfg = Release|Any CPU
		{37BD4A0A-6F35-4744-9865-2A8B2D1E9B4D}.Release|x86.Build.0 = Release|Any CPU
		{F0CB7677-BBE1-498E-817B-CB390D946365}.Debug|Any CPU.ActiveCfg = Debug|Any CPU
		{F0CB7677-BBE1-498E-817B-CB390D946365}.Debug|Any CPU.Build.0 = Debug|Any CPU
		{F0CB7677-BBE1-498E-817B-CB390D946365}.Debug|x64.ActiveCfg = Debug|Any CPU
		{F0CB7677-BBE1-498E-817B-CB390D946365}.Debug|x64.Build.0 = Debug|Any CPU
		{F0CB7677-BBE1-498E-817B-CB390D946365}.Debug|x86.ActiveCfg = Debug|Any CPU
		{F0CB7677-BBE1-498E-817B-CB390D946365}.Debug|x86.Build.0 = Debug|Any CPU
		{F0CB7677-BBE1-498E-817B-CB390D946365}.Release|Any CPU.ActiveCfg = Release|Any CPU
		{F0CB7677-BBE1-498E-817B-CB390D946365}.Release|Any CPU.Build.0 = Release|Any CPU
		{F0CB7677-BBE1-498E-817B-CB390D946365}.Release|x64.ActiveCfg = Release|Any CPU
		{F0CB7677-BBE1-498E-817B-CB390D946365}.Release|x64.Build.0 = Release|Any CPU
		{F0CB7677-BBE1-498E-817B-CB390D946365}.Release|x86.ActiveCfg = Release|Any CPU
		{F0CB7677-BBE1-498E-817B-CB390D946365}.Release|x86.Build.0 = Release|Any CPU
		{3976EBA1-9DF6-4F2D-873B-6D0AD27CC34B}.Debug|Any CPU.ActiveCfg = Debug|Any CPU
		{3976EBA1-9DF6-4F2D-873B-6D0AD27CC34B}.Debug|Any CPU.Build.0 = Debug|Any CPU
		{3976EBA1-9DF6-4F2D-873B-6D0AD27CC34B}.Debug|x64.ActiveCfg = Debug|Any CPU
		{3976EBA1-9DF6-4F2D-873B-6D0AD27CC34B}.Debug|x64.Build.0 = Debug|Any CPU
		{3976EBA1-9DF6-4F2D-873B-6D0AD27CC34B}.Debug|x86.ActiveCfg = Debug|Any CPU
		{3976EBA1-9DF6-4F2D-873B-6D0AD27CC34B}.Debug|x86.Build.0 = Debug|Any CPU
		{3976EBA1-9DF6-4F2D-873B-6D0AD27CC34B}.Release|Any CPU.ActiveCfg = Release|Any CPU
		{3976EBA1-9DF6-4F2D-873B-6D0AD27CC34B}.Release|Any CPU.Build.0 = Release|Any CPU
		{3976EBA1-9DF6-4F2D-873B-6D0AD27CC34B}.Release|x64.ActiveCfg = Release|Any CPU
		{3976EBA1-9DF6-4F2D-873B-6D0AD27CC34B}.Release|x64.Build.0 = Release|Any CPU
		{3976EBA1-9DF6-4F2D-873B-6D0AD27CC34B}.Release|x86.ActiveCfg = Release|Any CPU
		{3976EBA1-9DF6-4F2D-873B-6D0AD27CC34B}.Release|x86.Build.0 = Release|Any CPU
		{3531CD9F-13C0-4C22-9702-4018F582204A}.Debug|Any CPU.ActiveCfg = Debug|Any CPU
		{3531CD9F-13C0-4C22-9702-4018F582204A}.Debug|Any CPU.Build.0 = Debug|Any CPU
		{3531CD9F-13C0-4C22-9702-4018F582204A}.Debug|x64.ActiveCfg = Debug|Any CPU
		{3531CD9F-13C0-4C22-9702-4018F582204A}.Debug|x64.Build.0 = Debug|Any CPU
		{3531CD9F-13C0-4C22-9702-4018F582204A}.Debug|x86.ActiveCfg = Debug|Any CPU
		{3531CD9F-13C0-4C22-9702-4018F582204A}.Debug|x86.Build.0 = Debug|Any CPU
		{3531CD9F-13C0-4C22-9702-4018F582204A}.Release|Any CPU.ActiveCfg = Release|Any CPU
		{3531CD9F-13C0-4C22-9702-4018F582204A}.Release|Any CPU.Build.0 = Release|Any CPU
		{3531CD9F-13C0-4C22-9702-4018F582204A}.Release|x64.ActiveCfg = Release|Any CPU
		{3531CD9F-13C0-4C22-9702-4018F582204A}.Release|x64.Build.0 = Release|Any CPU
		{3531CD9F-13C0-4C22-9702-4018F582204A}.Release|x86.ActiveCfg = Release|Any CPU
		{3531CD9F-13C0-4C22-9702-4018F582204A}.Release|x86.Build.0 = Release|Any CPU
		{FE2E2381-387A-43D3-9942-522779C1C9B0}.Debug|Any CPU.ActiveCfg = Debug|Any CPU
		{FE2E2381-387A-43D3-9942-522779C1C9B0}.Debug|Any CPU.Build.0 = Debug|Any CPU
		{FE2E2381-387A-43D3-9942-522779C1C9B0}.Debug|x64.ActiveCfg = Debug|Any CPU
		{FE2E2381-387A-43D3-9942-522779C1C9B0}.Debug|x64.Build.0 = Debug|Any CPU
		{FE2E2381-387A-43D3-9942-522779C1C9B0}.Debug|x86.ActiveCfg = Debug|Any CPU
		{FE2E2381-387A-43D3-9942-522779C1C9B0}.Debug|x86.Build.0 = Debug|Any CPU
		{FE2E2381-387A-43D3-9942-522779C1C9B0}.Release|Any CPU.ActiveCfg = Release|Any CPU
		{FE2E2381-387A-43D3-9942-522779C1C9B0}.Release|Any CPU.Build.0 = Release|Any CPU
		{FE2E2381-387A-43D3-9942-522779C1C9B0}.Release|x64.ActiveCfg = Release|Any CPU
		{FE2E2381-387A-43D3-9942-522779C1C9B0}.Release|x64.Build.0 = Release|Any CPU
		{FE2E2381-387A-43D3-9942-522779C1C9B0}.Release|x86.ActiveCfg = Release|Any CPU
		{FE2E2381-387A-43D3-9942-522779C1C9B0}.Release|x86.Build.0 = Release|Any CPU
		{52521F19-3A6A-4204-A90A-E9B49A1AAD12}.Debug|Any CPU.ActiveCfg = Debug|Any CPU
		{52521F19-3A6A-4204-A90A-E9B49A1AAD12}.Debug|Any CPU.Build.0 = Debug|Any CPU
		{52521F19-3A6A-4204-A90A-E9B49A1AAD12}.Debug|x64.ActiveCfg = Debug|Any CPU
		{52521F19-3A6A-4204-A90A-E9B49A1AAD12}.Debug|x64.Build.0 = Debug|Any CPU
		{52521F19-3A6A-4204-A90A-E9B49A1AAD12}.Debug|x86.ActiveCfg = Debug|Any CPU
		{52521F19-3A6A-4204-A90A-E9B49A1AAD12}.Debug|x86.Build.0 = Debug|Any CPU
		{52521F19-3A6A-4204-A90A-E9B49A1AAD12}.Release|Any CPU.ActiveCfg = Release|Any CPU
		{52521F19-3A6A-4204-A90A-E9B49A1AAD12}.Release|Any CPU.Build.0 = Release|Any CPU
		{52521F19-3A6A-4204-A90A-E9B49A1AAD12}.Release|x64.ActiveCfg = Release|Any CPU
		{52521F19-3A6A-4204-A90A-E9B49A1AAD12}.Release|x64.Build.0 = Release|Any CPU
		{52521F19-3A6A-4204-A90A-E9B49A1AAD12}.Release|x86.ActiveCfg = Release|Any CPU
		{52521F19-3A6A-4204-A90A-E9B49A1AAD12}.Release|x86.Build.0 = Release|Any CPU
		{B19C7C2D-8256-451B-B11B-4B0F3ADDB8BC}.Debug|Any CPU.ActiveCfg = Debug|Any CPU
		{B19C7C2D-8256-451B-B11B-4B0F3ADDB8BC}.Debug|Any CPU.Build.0 = Debug|Any CPU
		{B19C7C2D-8256-451B-B11B-4B0F3ADDB8BC}.Debug|x64.ActiveCfg = Debug|Any CPU
		{B19C7C2D-8256-451B-B11B-4B0F3ADDB8BC}.Debug|x64.Build.0 = Debug|Any CPU
		{B19C7C2D-8256-451B-B11B-4B0F3ADDB8BC}.Debug|x86.ActiveCfg = Debug|Any CPU
		{B19C7C2D-8256-451B-B11B-4B0F3ADDB8BC}.Debug|x86.Build.0 = Debug|Any CPU
		{B19C7C2D-8256-451B-B11B-4B0F3ADDB8BC}.Release|Any CPU.ActiveCfg = Release|Any CPU
		{B19C7C2D-8256-451B-B11B-4B0F3ADDB8BC}.Release|Any CPU.Build.0 = Release|Any CPU
		{B19C7C2D-8256-451B-B11B-4B0F3ADDB8BC}.Release|x64.ActiveCfg = Release|Any CPU
		{B19C7C2D-8256-451B-B11B-4B0F3ADDB8BC}.Release|x64.Build.0 = Release|Any CPU
		{B19C7C2D-8256-451B-B11B-4B0F3ADDB8BC}.Release|x86.ActiveCfg = Release|Any CPU
		{B19C7C2D-8256-451B-B11B-4B0F3ADDB8BC}.Release|x86.Build.0 = Release|Any CPU
		{DAA7245A-14F3-4BEF-87D1-184EB8CEBEE7}.Debug|Any CPU.ActiveCfg = Debug|Any CPU
		{DAA7245A-14F3-4BEF-87D1-184EB8CEBEE7}.Debug|Any CPU.Build.0 = Debug|Any CPU
		{DAA7245A-14F3-4BEF-87D1-184EB8CEBEE7}.Debug|x64.ActiveCfg = Debug|Any CPU
		{DAA7245A-14F3-4BEF-87D1-184EB8CEBEE7}.Debug|x64.Build.0 = Debug|Any CPU
		{DAA7245A-14F3-4BEF-87D1-184EB8CEBEE7}.Debug|x86.ActiveCfg = Debug|Any CPU
		{DAA7245A-14F3-4BEF-87D1-184EB8CEBEE7}.Debug|x86.Build.0 = Debug|Any CPU
		{DAA7245A-14F3-4BEF-87D1-184EB8CEBEE7}.Release|Any CPU.ActiveCfg = Release|Any CPU
		{DAA7245A-14F3-4BEF-87D1-184EB8CEBEE7}.Release|Any CPU.Build.0 = Release|Any CPU
		{DAA7245A-14F3-4BEF-87D1-184EB8CEBEE7}.Release|x64.ActiveCfg = Release|Any CPU
		{DAA7245A-14F3-4BEF-87D1-184EB8CEBEE7}.Release|x64.Build.0 = Release|Any CPU
		{DAA7245A-14F3-4BEF-87D1-184EB8CEBEE7}.Release|x86.ActiveCfg = Release|Any CPU
		{DAA7245A-14F3-4BEF-87D1-184EB8CEBEE7}.Release|x86.Build.0 = Release|Any CPU
		{91E4E069-C51E-4DA0-BFFD-95AEB6824648}.Debug|Any CPU.ActiveCfg = Debug|Any CPU
		{91E4E069-C51E-4DA0-BFFD-95AEB6824648}.Debug|Any CPU.Build.0 = Debug|Any CPU
		{91E4E069-C51E-4DA0-BFFD-95AEB6824648}.Debug|x64.ActiveCfg = Debug|Any CPU
		{91E4E069-C51E-4DA0-BFFD-95AEB6824648}.Debug|x64.Build.0 = Debug|Any CPU
		{91E4E069-C51E-4DA0-BFFD-95AEB6824648}.Debug|x86.ActiveCfg = Debug|Any CPU
		{91E4E069-C51E-4DA0-BFFD-95AEB6824648}.Debug|x86.Build.0 = Debug|Any CPU
		{91E4E069-C51E-4DA0-BFFD-95AEB6824648}.Release|Any CPU.ActiveCfg = Release|Any CPU
		{91E4E069-C51E-4DA0-BFFD-95AEB6824648}.Release|Any CPU.Build.0 = Release|Any CPU
		{91E4E069-C51E-4DA0-BFFD-95AEB6824648}.Release|x64.ActiveCfg = Release|Any CPU
		{91E4E069-C51E-4DA0-BFFD-95AEB6824648}.Release|x64.Build.0 = Release|Any CPU
		{91E4E069-C51E-4DA0-BFFD-95AEB6824648}.Release|x86.ActiveCfg = Release|Any CPU
		{91E4E069-C51E-4DA0-BFFD-95AEB6824648}.Release|x86.Build.0 = Release|Any CPU
		{E1B42445-2337-440A-A822-979416FFB858}.Debug|Any CPU.ActiveCfg = Debug|Any CPU
		{E1B42445-2337-440A-A822-979416FFB858}.Debug|Any CPU.Build.0 = Debug|Any CPU
		{E1B42445-2337-440A-A822-979416FFB858}.Debug|x64.ActiveCfg = Debug|Any CPU
		{E1B42445-2337-440A-A822-979416FFB858}.Debug|x64.Build.0 = Debug|Any CPU
		{E1B42445-2337-440A-A822-979416FFB858}.Debug|x86.ActiveCfg = Debug|Any CPU
		{E1B42445-2337-440A-A822-979416FFB858}.Debug|x86.Build.0 = Debug|Any CPU
		{E1B42445-2337-440A-A822-979416FFB858}.Release|Any CPU.ActiveCfg = Release|Any CPU
		{E1B42445-2337-440A-A822-979416FFB858}.Release|Any CPU.Build.0 = Release|Any CPU
		{E1B42445-2337-440A-A822-979416FFB858}.Release|x64.ActiveCfg = Release|Any CPU
		{E1B42445-2337-440A-A822-979416FFB858}.Release|x64.Build.0 = Release|Any CPU
		{E1B42445-2337-440A-A822-979416FFB858}.Release|x86.ActiveCfg = Release|Any CPU
		{E1B42445-2337-440A-A822-979416FFB858}.Release|x86.Build.0 = Release|Any CPU
		{630A759E-13E3-4B17-82AC-01B233EAA2A0}.Debug|Any CPU.ActiveCfg = Debug|Any CPU
		{630A759E-13E3-4B17-82AC-01B233EAA2A0}.Debug|Any CPU.Build.0 = Debug|Any CPU
		{630A759E-13E3-4B17-82AC-01B233EAA2A0}.Debug|x64.ActiveCfg = Debug|Any CPU
		{630A759E-13E3-4B17-82AC-01B233EAA2A0}.Debug|x64.Build.0 = Debug|Any CPU
		{630A759E-13E3-4B17-82AC-01B233EAA2A0}.Debug|x86.ActiveCfg = Debug|Any CPU
		{630A759E-13E3-4B17-82AC-01B233EAA2A0}.Debug|x86.Build.0 = Debug|Any CPU
		{630A759E-13E3-4B17-82AC-01B233EAA2A0}.Release|Any CPU.ActiveCfg = Release|Any CPU
		{630A759E-13E3-4B17-82AC-01B233EAA2A0}.Release|Any CPU.Build.0 = Release|Any CPU
		{630A759E-13E3-4B17-82AC-01B233EAA2A0}.Release|x64.ActiveCfg = Release|Any CPU
		{630A759E-13E3-4B17-82AC-01B233EAA2A0}.Release|x64.Build.0 = Release|Any CPU
		{630A759E-13E3-4B17-82AC-01B233EAA2A0}.Release|x86.ActiveCfg = Release|Any CPU
		{630A759E-13E3-4B17-82AC-01B233EAA2A0}.Release|x86.Build.0 = Release|Any CPU
		{06D82753-E272-466C-9284-9355F7584E7B}.Debug|Any CPU.ActiveCfg = Debug|Any CPU
		{06D82753-E272-466C-9284-9355F7584E7B}.Debug|Any CPU.Build.0 = Debug|Any CPU
		{06D82753-E272-466C-9284-9355F7584E7B}.Debug|x64.ActiveCfg = Debug|Any CPU
		{06D82753-E272-466C-9284-9355F7584E7B}.Debug|x64.Build.0 = Debug|Any CPU
		{06D82753-E272-466C-9284-9355F7584E7B}.Debug|x86.ActiveCfg = Debug|Any CPU
		{06D82753-E272-466C-9284-9355F7584E7B}.Debug|x86.Build.0 = Debug|Any CPU
		{06D82753-E272-466C-9284-9355F7584E7B}.Release|Any CPU.ActiveCfg = Release|Any CPU
		{06D82753-E272-466C-9284-9355F7584E7B}.Release|Any CPU.Build.0 = Release|Any CPU
		{06D82753-E272-466C-9284-9355F7584E7B}.Release|x64.ActiveCfg = Release|Any CPU
		{06D82753-E272-466C-9284-9355F7584E7B}.Release|x64.Build.0 = Release|Any CPU
		{06D82753-E272-466C-9284-9355F7584E7B}.Release|x86.ActiveCfg = Release|Any CPU
		{06D82753-E272-466C-9284-9355F7584E7B}.Release|x86.Build.0 = Release|Any CPU
	EndGlobalSection
	GlobalSection(SolutionProperties) = preSolution
		HideSolutionNode = FALSE
	EndGlobalSection
	GlobalSection(NestedProjects) = preSolution
		{3AE69DC4-DF2A-4400-BCBE-244E0D90FF48} = {4CA2DC47-CD35-433D-9427-AB202EA503C1}
		{FA2FB518-EC85-4C60-8C30-150E034689C2} = {61EA08FA-EB5E-4072-9BCB-14DB95134FEB}
		{9CBD4B1D-1100-4C70-826E-F8BA9502326A} = {61EA08FA-EB5E-4072-9BCB-14DB95134FEB}
		{943A0DBB-E60A-46FF-97D7-51937392ABDF} = {ED290E8E-203A-40B2-9310-41D8AEA9BDBE}
		{86538AAE-E5D6-4621-9149-C704695E7CA0} = {ED290E8E-203A-40B2-9310-41D8AEA9BDBE}
		{E8608F2A-B746-4CAA-ACA8-34D7B68F9821} = {14137E61-A5F0-4E03-A38E-6DB7B52572DF}
		{C3D4BCB3-428D-459D-99A9-4926F7540C1A} = {14137E61-A5F0-4E03-A38E-6DB7B52572DF}
		{93EA2E3C-730F-478A-B10C-D2B882F0051D} = {14137E61-A5F0-4E03-A38E-6DB7B52572DF}
		{47D85F01-5F92-4BEF-8FB5-1492CAEC7741} = {14137E61-A5F0-4E03-A38E-6DB7B52572DF}
		{4D54AACC-FC5D-4FD3-A2A1-208EFC41EADB} = {14137E61-A5F0-4E03-A38E-6DB7B52572DF}
		{C6F02234-DBBE-4BE9-9C54-2BA19C260CF8} = {14137E61-A5F0-4E03-A38E-6DB7B52572DF}
		{F615A8B9-0205-4E71-B464-DC23C2E46358} = {14137E61-A5F0-4E03-A38E-6DB7B52572DF}
		{16D5E3E8-596D-449D-A303-8DB0AC7F08C0} = {14137E61-A5F0-4E03-A38E-6DB7B52572DF}
		{0FD7142F-83C4-4837-8B42-FD6FD6BCD7ED} = {14137E61-A5F0-4E03-A38E-6DB7B52572DF}
		{D5A3F760-3544-4FB8-96C3-FDBA6897C22F} = {14137E61-A5F0-4E03-A38E-6DB7B52572DF}
		{BC950999-6ABD-4622-B1E5-6349314CABAA} = {14137E61-A5F0-4E03-A38E-6DB7B52572DF}
		{5AEABF59-4A68-4D63-83C8-BD8DD2F3A00D} = {14137E61-A5F0-4E03-A38E-6DB7B52572DF}
		{37BD4A0A-6F35-4744-9865-2A8B2D1E9B4D} = {14137E61-A5F0-4E03-A38E-6DB7B52572DF}
		{F0CB7677-BBE1-498E-817B-CB390D946365} = {14137E61-A5F0-4E03-A38E-6DB7B52572DF}
		{3976EBA1-9DF6-4F2D-873B-6D0AD27CC34B} = {14137E61-A5F0-4E03-A38E-6DB7B52572DF}
		{3531CD9F-13C0-4C22-9702-4018F582204A} = {14137E61-A5F0-4E03-A38E-6DB7B52572DF}
		{FE2E2381-387A-43D3-9942-522779C1C9B0} = {14137E61-A5F0-4E03-A38E-6DB7B52572DF}
		{52521F19-3A6A-4204-A90A-E9B49A1AAD12} = {14137E61-A5F0-4E03-A38E-6DB7B52572DF}
		{B19C7C2D-8256-451B-B11B-4B0F3ADDB8BC} = {14137E61-A5F0-4E03-A38E-6DB7B52572DF}
		{DAA7245A-14F3-4BEF-87D1-184EB8CEBEE7} = {14137E61-A5F0-4E03-A38E-6DB7B52572DF}
		{91E4E069-C51E-4DA0-BFFD-95AEB6824648} = {14137E61-A5F0-4E03-A38E-6DB7B52572DF}
		{E1B42445-2337-440A-A822-979416FFB858} = {14137E61-A5F0-4E03-A38E-6DB7B52572DF}
		{630A759E-13E3-4B17-82AC-01B233EAA2A0} = {14137E61-A5F0-4E03-A38E-6DB7B52572DF}
		{14137E61-A5F0-4E03-A38E-6DB7B52572DF} = {ED290E8E-203A-40B2-9310-41D8AEA9BDBE}
		{06D82753-E272-466C-9284-9355F7584E7B} = {14137E61-A5F0-4E03-A38E-6DB7B52572DF}
	EndGlobalSection
	GlobalSection(ExtensibilityGlobals) = postSolution
		SolutionGuid = {21A550EC-64CC-4912-901E-FAB5DA27287A}
	EndGlobalSection
EndGlobal
